// !$*UTF8*$!
{
	archiveVersion = 1;
	classes = {
	};
	objectVersion = 50;
	objects = {

/* Begin PBXBuildFile section */
		E448BA0423ED53AD00C97FFF /* AppDelegate.swift in Sources */ = {isa = PBXBuildFile; fileRef = E448BA0323ED53AD00C97FFF /* AppDelegate.swift */; };
		E448BA0D23ED53B200C97FFF /* Assets.xcassets in Resources */ = {isa = PBXBuildFile; fileRef = E448BA0C23ED53B200C97FFF /* Assets.xcassets */; };
		E448BA1023ED53B200C97FFF /* LaunchScreen.storyboard in Resources */ = {isa = PBXBuildFile; fileRef = E448BA0E23ED53B200C97FFF /* LaunchScreen.storyboard */; };
		E448BA1B23ED53B200C97FFF /* WegfinderChallengeTests.swift in Sources */ = {isa = PBXBuildFile; fileRef = E448BA1A23ED53B200C97FFF /* WegfinderChallengeTests.swift */; };
		E448BA3423ED5E7A00C97FFF /* CitySelectorRouterProtocol.swift in Sources */ = {isa = PBXBuildFile; fileRef = E448BA3323ED5E7A00C97FFF /* CitySelectorRouterProtocol.swift */; };
		E448BA3623ED5EA600C97FFF /* CitySelectorRouter.swift in Sources */ = {isa = PBXBuildFile; fileRef = E448BA3523ED5EA600C97FFF /* CitySelectorRouter.swift */; };
		E448BA3823ED5EE600C97FFF /* CitySelectorInteractor.swift in Sources */ = {isa = PBXBuildFile; fileRef = E448BA3723ED5EE600C97FFF /* CitySelectorInteractor.swift */; };
		E448BA3A23ED5EF900C97FFF /* CitySelectorInteractorProtocol.swift in Sources */ = {isa = PBXBuildFile; fileRef = E448BA3923ED5EF900C97FFF /* CitySelectorInteractorProtocol.swift */; };
		E448BA3C23ED5F1100C97FFF /* CitySelectorInteractorOutput.swift in Sources */ = {isa = PBXBuildFile; fileRef = E448BA3B23ED5F1100C97FFF /* CitySelectorInteractorOutput.swift */; };
		E448BA3E23ED5FAF00C97FFF /* CitySelectorPresenter.swift in Sources */ = {isa = PBXBuildFile; fileRef = E448BA3D23ED5FAF00C97FFF /* CitySelectorPresenter.swift */; };
		E448BA4023ED5FBD00C97FFF /* CitySelectorPresenterProtocol.swift in Sources */ = {isa = PBXBuildFile; fileRef = E448BA3F23ED5FBD00C97FFF /* CitySelectorPresenterProtocol.swift */; };
		E448BA4323ED60A200C97FFF /* CitySelectorViewProtocol.swift in Sources */ = {isa = PBXBuildFile; fileRef = E448BA4223ED60A200C97FFF /* CitySelectorViewProtocol.swift */; };
		E448BA4623ED60DD00C97FFF /* CitySelectorViewController.swift in Sources */ = {isa = PBXBuildFile; fileRef = E448BA4423ED60DD00C97FFF /* CitySelectorViewController.swift */; };
		E448BA4723ED60DD00C97FFF /* CitySelectorViewController.xib in Resources */ = {isa = PBXBuildFile; fileRef = E448BA4523ED60DD00C97FFF /* CitySelectorViewController.xib */; };
		E448BA4B23ED61A500C97FFF /* BaseViewControllerProtocol.swift in Sources */ = {isa = PBXBuildFile; fileRef = E448BA4A23ED61A500C97FFF /* BaseViewControllerProtocol.swift */; };
		E448BA4D23ED61B800C97FFF /* BaseViewController.swift in Sources */ = {isa = PBXBuildFile; fileRef = E448BA4C23ED61B800C97FFF /* BaseViewController.swift */; };
		E448BA4F23ED61CB00C97FFF /* BasePresenterProtocol.swift in Sources */ = {isa = PBXBuildFile; fileRef = E448BA4E23ED61CB00C97FFF /* BasePresenterProtocol.swift */; };
		E448BA5123ED61F200C97FFF /* CitySelectorSceneBuilder.swift in Sources */ = {isa = PBXBuildFile; fileRef = E448BA5023ED61F200C97FFF /* CitySelectorSceneBuilder.swift */; };
		E448BA5323ED625600C97FFF /* StringExtension.swift in Sources */ = {isa = PBXBuildFile; fileRef = E448BA5223ED625600C97FFF /* StringExtension.swift */; };
		E448BA5523ED626800C97FFF /* UIViewControllerExtension.swift in Sources */ = {isa = PBXBuildFile; fileRef = E448BA5423ED626800C97FFF /* UIViewControllerExtension.swift */; };
		E448BA5723ED627E00C97FFF /* UIViewExtension.swift in Sources */ = {isa = PBXBuildFile; fileRef = E448BA5623ED627E00C97FFF /* UIViewExtension.swift */; };
		E448BA5C23ED62E100C97FFF /* AppStyle.swift in Sources */ = {isa = PBXBuildFile; fileRef = E448BA5B23ED62E100C97FFF /* AppStyle.swift */; };
		E448BA5E23ED660A00C97FFF /* Colors.xcassets in Resources */ = {isa = PBXBuildFile; fileRef = E448BA5D23ED660900C97FFF /* Colors.xcassets */; };
		E448BA6223ED6A6F00C97FFF /* Localizable.strings in Resources */ = {isa = PBXBuildFile; fileRef = E448BA6123ED6A6F00C97FFF /* Localizable.strings */; };
/* End PBXBuildFile section */

/* Begin PBXContainerItemProxy section */
		E448BA1723ED53B200C97FFF /* PBXContainerItemProxy */ = {
			isa = PBXContainerItemProxy;
			containerPortal = E448B9F823ED53AD00C97FFF /* Project object */;
			proxyType = 1;
			remoteGlobalIDString = E448B9FF23ED53AD00C97FFF;
			remoteInfo = WegfinderChallenge;
		};
/* End PBXContainerItemProxy section */

/* Begin PBXFileReference section */
		E448BA0023ED53AD00C97FFF /* WegfinderChallenge.app */ = {isa = PBXFileReference; explicitFileType = wrapper.application; includeInIndex = 0; path = WegfinderChallenge.app; sourceTree = BUILT_PRODUCTS_DIR; };
		E448BA0323ED53AD00C97FFF /* AppDelegate.swift */ = {isa = PBXFileReference; lastKnownFileType = sourcecode.swift; path = AppDelegate.swift; sourceTree = "<group>"; };
		E448BA0C23ED53B200C97FFF /* Assets.xcassets */ = {isa = PBXFileReference; lastKnownFileType = folder.assetcatalog; path = Assets.xcassets; sourceTree = "<group>"; };
		E448BA0F23ED53B200C97FFF /* Base */ = {isa = PBXFileReference; lastKnownFileType = file.storyboard; name = Base; path = Base.lproj/LaunchScreen.storyboard; sourceTree = "<group>"; };
		E448BA1123ED53B200C97FFF /* Info.plist */ = {isa = PBXFileReference; lastKnownFileType = text.plist.xml; path = Info.plist; sourceTree = "<group>"; };
		E448BA1623ED53B200C97FFF /* WegfinderChallengeTests.xctest */ = {isa = PBXFileReference; explicitFileType = wrapper.cfbundle; includeInIndex = 0; path = WegfinderChallengeTests.xctest; sourceTree = BUILT_PRODUCTS_DIR; };
		E448BA1A23ED53B200C97FFF /* WegfinderChallengeTests.swift */ = {isa = PBXFileReference; lastKnownFileType = sourcecode.swift; path = WegfinderChallengeTests.swift; sourceTree = "<group>"; };
		E448BA1C23ED53B200C97FFF /* Info.plist */ = {isa = PBXFileReference; lastKnownFileType = text.plist.xml; path = Info.plist; sourceTree = "<group>"; };
		E448BA3323ED5E7A00C97FFF /* CitySelectorRouterProtocol.swift */ = {isa = PBXFileReference; lastKnownFileType = sourcecode.swift; path = CitySelectorRouterProtocol.swift; sourceTree = "<group>"; };
		E448BA3523ED5EA600C97FFF /* CitySelectorRouter.swift */ = {isa = PBXFileReference; lastKnownFileType = sourcecode.swift; path = CitySelectorRouter.swift; sourceTree = "<group>"; };
		E448BA3723ED5EE600C97FFF /* CitySelectorInteractor.swift */ = {isa = PBXFileReference; lastKnownFileType = sourcecode.swift; path = CitySelectorInteractor.swift; sourceTree = "<group>"; };
		E448BA3923ED5EF900C97FFF /* CitySelectorInteractorProtocol.swift */ = {isa = PBXFileReference; lastKnownFileType = sourcecode.swift; path = CitySelectorInteractorProtocol.swift; sourceTree = "<group>"; };
		E448BA3B23ED5F1100C97FFF /* CitySelectorInteractorOutput.swift */ = {isa = PBXFileReference; lastKnownFileType = sourcecode.swift; path = CitySelectorInteractorOutput.swift; sourceTree = "<group>"; };
		E448BA3D23ED5FAF00C97FFF /* CitySelectorPresenter.swift */ = {isa = PBXFileReference; lastKnownFileType = sourcecode.swift; path = CitySelectorPresenter.swift; sourceTree = "<group>"; };
		E448BA3F23ED5FBD00C97FFF /* CitySelectorPresenterProtocol.swift */ = {isa = PBXFileReference; lastKnownFileType = sourcecode.swift; path = CitySelectorPresenterProtocol.swift; sourceTree = "<group>"; };
		E448BA4223ED60A200C97FFF /* CitySelectorViewProtocol.swift */ = {isa = PBXFileReference; lastKnownFileType = sourcecode.swift; path = CitySelectorViewProtocol.swift; sourceTree = "<group>"; };
		E448BA4423ED60DD00C97FFF /* CitySelectorViewController.swift */ = {isa = PBXFileReference; lastKnownFileType = sourcecode.swift; path = CitySelectorViewController.swift; sourceTree = "<group>"; };
		E448BA4523ED60DD00C97FFF /* CitySelectorViewController.xib */ = {isa = PBXFileReference; lastKnownFileType = file.xib; path = CitySelectorViewController.xib; sourceTree = "<group>"; };
		E448BA4A23ED61A500C97FFF /* BaseViewControllerProtocol.swift */ = {isa = PBXFileReference; lastKnownFileType = sourcecode.swift; path = BaseViewControllerProtocol.swift; sourceTree = "<group>"; };
		E448BA4C23ED61B800C97FFF /* BaseViewController.swift */ = {isa = PBXFileReference; lastKnownFileType = sourcecode.swift; path = BaseViewController.swift; sourceTree = "<group>"; };
		E448BA4E23ED61CB00C97FFF /* BasePresenterProtocol.swift */ = {isa = PBXFileReference; lastKnownFileType = sourcecode.swift; path = BasePresenterProtocol.swift; sourceTree = "<group>"; };
		E448BA5023ED61F200C97FFF /* CitySelectorSceneBuilder.swift */ = {isa = PBXFileReference; lastKnownFileType = sourcecode.swift; path = CitySelectorSceneBuilder.swift; sourceTree = "<group>"; };
		E448BA5223ED625600C97FFF /* StringExtension.swift */ = {isa = PBXFileReference; lastKnownFileType = sourcecode.swift; path = StringExtension.swift; sourceTree = "<group>"; };
		E448BA5423ED626800C97FFF /* UIViewControllerExtension.swift */ = {isa = PBXFileReference; lastKnownFileType = sourcecode.swift; path = UIViewControllerExtension.swift; sourceTree = "<group>"; };
		E448BA5623ED627E00C97FFF /* UIViewExtension.swift */ = {isa = PBXFileReference; lastKnownFileType = sourcecode.swift; path = UIViewExtension.swift; sourceTree = "<group>"; };
		E448BA5B23ED62E100C97FFF /* AppStyle.swift */ = {isa = PBXFileReference; lastKnownFileType = sourcecode.swift; path = AppStyle.swift; sourceTree = "<group>"; };
		E448BA5D23ED660900C97FFF /* Colors.xcassets */ = {isa = PBXFileReference; lastKnownFileType = folder.assetcatalog; path = Colors.xcassets; sourceTree = "<group>"; };
		E448BA6123ED6A6F00C97FFF /* Localizable.strings */ = {isa = PBXFileReference; lastKnownFileType = text.plist.strings; path = Localizable.strings; sourceTree = "<group>"; };
/* End PBXFileReference section */

/* Begin PBXFrameworksBuildPhase section */
		E448B9FD23ED53AD00C97FFF /* Frameworks */ = {
			isa = PBXFrameworksBuildPhase;
			buildActionMask = 2147483647;
			files = (
			);
			runOnlyForDeploymentPostprocessing = 0;
		};
		E448BA1323ED53B200C97FFF /* Frameworks */ = {
			isa = PBXFrameworksBuildPhase;
			buildActionMask = 2147483647;
			files = (
			);
			runOnlyForDeploymentPostprocessing = 0;
		};
/* End PBXFrameworksBuildPhase section */

/* Begin PBXGroup section */
		E448B9F723ED53AD00C97FFF = {
			isa = PBXGroup;
			children = (
				E448BA0223ED53AD00C97FFF /* WegfinderChallenge */,
				E448BA1923ED53B200C97FFF /* WegfinderChallengeTests */,
				E448BA0123ED53AD00C97FFF /* Products */,
			);
			sourceTree = "<group>";
		};
		E448BA0123ED53AD00C97FFF /* Products */ = {
			isa = PBXGroup;
			children = (
				E448BA0023ED53AD00C97FFF /* WegfinderChallenge.app */,
				E448BA1623ED53B200C97FFF /* WegfinderChallengeTests.xctest */,
			);
			name = Products;
			sourceTree = "<group>";
		};
		E448BA0223ED53AD00C97FFF /* WegfinderChallenge */ = {
			isa = PBXGroup;
			children = (
				E448BA2923ED553300C97FFF /* Extensions */,
				E448BA5823ED62A300C97FFF /* Style */,
				E448BA2823ED552E00C97FFF /* Models */,
				E448BA2A23ED554400C97FFF /* Workers */,
				E448BA2623ED54FF00C97FFF /* Scene */,
				E448BA2523ED548D00C97FFF /* Resources */,
				E448BA0323ED53AD00C97FFF /* AppDelegate.swift */,
				E448BA1123ED53B200C97FFF /* Info.plist */,
			);
			path = WegfinderChallenge;
			sourceTree = "<group>";
		};
		E448BA1923ED53B200C97FFF /* WegfinderChallengeTests */ = {
			isa = PBXGroup;
			children = (
				E448BA1A23ED53B200C97FFF /* WegfinderChallengeTests.swift */,
				E448BA1C23ED53B200C97FFF /* Info.plist */,
			);
			path = WegfinderChallengeTests;
			sourceTree = "<group>";
		};
		E448BA2523ED548D00C97FFF /* Resources */ = {
			isa = PBXGroup;
			children = (
				E448BA0C23ED53B200C97FFF /* Assets.xcassets */,
				E448BA5D23ED660900C97FFF /* Colors.xcassets */,
				E448BA6123ED6A6F00C97FFF /* Localizable.strings */,
			);
			path = Resources;
			sourceTree = "<group>";
		};
		E448BA2623ED54FF00C97FFF /* Scene */ = {
			isa = PBXGroup;
			children = (
				E448BA4123ED5FE000C97FFF /* BaseScene */,
				E448BA2723ED550900C97FFF /* Launch */,
				E448BA2C23ED5DE300C97FFF /* CitySelector */,
			);
			path = Scene;
			sourceTree = "<group>";
		};
		E448BA2723ED550900C97FFF /* Launch */ = {
			isa = PBXGroup;
			children = (
				E448BA0E23ED53B200C97FFF /* LaunchScreen.storyboard */,
			);
			path = Launch;
			sourceTree = "<group>";
		};
		E448BA2823ED552E00C97FFF /* Models */ = {
			isa = PBXGroup;
			children = (
			);
			path = Models;
			sourceTree = "<group>";
		};
		E448BA2923ED553300C97FFF /* Extensions */ = {
			isa = PBXGroup;
			children = (
				E448BA5223ED625600C97FFF /* StringExtension.swift */,
				E448BA5423ED626800C97FFF /* UIViewControllerExtension.swift */,
				E448BA5623ED627E00C97FFF /* UIViewExtension.swift */,
			);
			path = Extensions;
			sourceTree = "<group>";
		};
		E448BA2A23ED554400C97FFF /* Workers */ = {
			isa = PBXGroup;
			children = (
			);
			path = Workers;
			sourceTree = "<group>";
		};
		E448BA2C23ED5DE300C97FFF /* CitySelector */ = {
			isa = PBXGroup;
			children = (
				E448BA3223ED5E4800C97FFF /* SceneBuilder */,
				E448BA3023ED5E0800C97FFF /* View */,
				E448BA2E23ED5DFD00C97FFF /* Presenter */,
				E448BA2D23ED5DF600C97FFF /* Interactor */,
				E448BA3123ED5E4000C97FFF /* Router */,
			);
			path = CitySelector;
			sourceTree = "<group>";
		};
		E448BA2D23ED5DF600C97FFF /* Interactor */ = {
			isa = PBXGroup;
			children = (
				E448BA3723ED5EE600C97FFF /* CitySelectorInteractor.swift */,
				E448BA3923ED5EF900C97FFF /* CitySelectorInteractorProtocol.swift */,
				E448BA3B23ED5F1100C97FFF /* CitySelectorInteractorOutput.swift */,
			);
			path = Interactor;
			sourceTree = "<group>";
		};
		E448BA2E23ED5DFD00C97FFF /* Presenter */ = {
			isa = PBXGroup;
			children = (
				E448BA3D23ED5FAF00C97FFF /* CitySelectorPresenter.swift */,
				E448BA3F23ED5FBD00C97FFF /* CitySelectorPresenterProtocol.swift */,
			);
			path = Presenter;
			sourceTree = "<group>";
		};
		E448BA3023ED5E0800C97FFF /* View */ = {
			isa = PBXGroup;
			children = (
				E448BA4223ED60A200C97FFF /* CitySelectorViewProtocol.swift */,
				E448BA4423ED60DD00C97FFF /* CitySelectorViewController.swift */,
				E448BA4523ED60DD00C97FFF /* CitySelectorViewController.xib */,
			);
			path = View;
			sourceTree = "<group>";
		};
		E448BA3123ED5E4000C97FFF /* Router */ = {
			isa = PBXGroup;
			children = (
				E448BA3523ED5EA600C97FFF /* CitySelectorRouter.swift */,
				E448BA3323ED5E7A00C97FFF /* CitySelectorRouterProtocol.swift */,
			);
			path = Router;
			sourceTree = "<group>";
		};
		E448BA3223ED5E4800C97FFF /* SceneBuilder */ = {
			isa = PBXGroup;
			children = (
				E448BA5023ED61F200C97FFF /* CitySelectorSceneBuilder.swift */,
			);
			path = SceneBuilder;
			sourceTree = "<group>";
		};
		E448BA4123ED5FE000C97FFF /* BaseScene */ = {
			isa = PBXGroup;
			children = (
				E448BA4823ED618500C97FFF /* View */,
				E448BA4923ED619300C97FFF /* Presenter */,
			);
			path = BaseScene;
			sourceTree = "<group>";
		};
		E448BA4823ED618500C97FFF /* View */ = {
			isa = PBXGroup;
			children = (
				E448BA4A23ED61A500C97FFF /* BaseViewControllerProtocol.swift */,
				E448BA4C23ED61B800C97FFF /* BaseViewController.swift */,
			);
			path = View;
			sourceTree = "<group>";
		};
		E448BA4923ED619300C97FFF /* Presenter */ = {
			isa = PBXGroup;
			children = (
				E448BA4E23ED61CB00C97FFF /* BasePresenterProtocol.swift */,
			);
			path = Presenter;
			sourceTree = "<group>";
		};
		E448BA5823ED62A300C97FFF /* Style */ = {
			isa = PBXGroup;
			children = (
				E448BA5B23ED62E100C97FFF /* AppStyle.swift */,
			);
			path = Style;
			sourceTree = "<group>";
		};
/* End PBXGroup section */

/* Begin PBXNativeTarget section */
		E448B9FF23ED53AD00C97FFF /* WegfinderChallenge */ = {
			isa = PBXNativeTarget;
			buildConfigurationList = E448BA1F23ED53B200C97FFF /* Build configuration list for PBXNativeTarget "WegfinderChallenge" */;
			buildPhases = (
				E448B9FC23ED53AD00C97FFF /* Sources */,
				E448B9FD23ED53AD00C97FFF /* Frameworks */,
				E448B9FE23ED53AD00C97FFF /* Resources */,
				E448BA2B23ED559C00C97FFF /* SwiftLint */,
			);
			buildRules = (
			);
			dependencies = (
			);
			name = WegfinderChallenge;
			productName = WegfinderChallenge;
			productReference = E448BA0023ED53AD00C97FFF /* WegfinderChallenge.app */;
			productType = "com.apple.product-type.application";
		};
		E448BA1523ED53B200C97FFF /* WegfinderChallengeTests */ = {
			isa = PBXNativeTarget;
			buildConfigurationList = E448BA2223ED53B200C97FFF /* Build configuration list for PBXNativeTarget "WegfinderChallengeTests" */;
			buildPhases = (
				E448BA1223ED53B200C97FFF /* Sources */,
				E448BA1323ED53B200C97FFF /* Frameworks */,
				E448BA1423ED53B200C97FFF /* Resources */,
			);
			buildRules = (
			);
			dependencies = (
				E448BA1823ED53B200C97FFF /* PBXTargetDependency */,
			);
			name = WegfinderChallengeTests;
			productName = WegfinderChallengeTests;
			productReference = E448BA1623ED53B200C97FFF /* WegfinderChallengeTests.xctest */;
			productType = "com.apple.product-type.bundle.unit-test";
		};
/* End PBXNativeTarget section */

/* Begin PBXProject section */
		E448B9F823ED53AD00C97FFF /* Project object */ = {
			isa = PBXProject;
			attributes = {
				LastSwiftUpdateCheck = 1130;
				LastUpgradeCheck = 1130;
				ORGANIZATIONNAME = "Bella Ádám";
				TargetAttributes = {
					E448B9FF23ED53AD00C97FFF = {
						CreatedOnToolsVersion = 11.3.1;
					};
					E448BA1523ED53B200C97FFF = {
						CreatedOnToolsVersion = 11.3.1;
						TestTargetID = E448B9FF23ED53AD00C97FFF;
					};
				};
			};
			buildConfigurationList = E448B9FB23ED53AD00C97FFF /* Build configuration list for PBXProject "WegfinderChallenge" */;
			compatibilityVersion = "Xcode 9.3";
			developmentRegion = en;
			hasScannedForEncodings = 0;
			knownRegions = (
				en,
				Base,
			);
			mainGroup = E448B9F723ED53AD00C97FFF;
			productRefGroup = E448BA0123ED53AD00C97FFF /* Products */;
			projectDirPath = "";
			projectRoot = "";
			targets = (
				E448B9FF23ED53AD00C97FFF /* WegfinderChallenge */,
				E448BA1523ED53B200C97FFF /* WegfinderChallengeTests */,
			);
		};
/* End PBXProject section */

/* Begin PBXResourcesBuildPhase section */
		E448B9FE23ED53AD00C97FFF /* Resources */ = {
			isa = PBXResourcesBuildPhase;
			buildActionMask = 2147483647;
			files = (
				E448BA6223ED6A6F00C97FFF /* Localizable.strings in Resources */,
				E448BA4723ED60DD00C97FFF /* CitySelectorViewController.xib in Resources */,
				E448BA5E23ED660A00C97FFF /* Colors.xcassets in Resources */,
				E448BA1023ED53B200C97FFF /* LaunchScreen.storyboard in Resources */,
				E448BA0D23ED53B200C97FFF /* Assets.xcassets in Resources */,
			);
			runOnlyForDeploymentPostprocessing = 0;
		};
		E448BA1423ED53B200C97FFF /* Resources */ = {
			isa = PBXResourcesBuildPhase;
			buildActionMask = 2147483647;
			files = (
			);
			runOnlyForDeploymentPostprocessing = 0;
		};
/* End PBXResourcesBuildPhase section */

/* Begin PBXShellScriptBuildPhase section */
		E448BA2B23ED559C00C97FFF /* SwiftLint */ = {
			isa = PBXShellScriptBuildPhase;
			buildActionMask = 2147483647;
			files = (
			);
			inputFileListPaths = (
			);
			inputPaths = (
			);
			name = SwiftLint;
			outputFileListPaths = (
			);
			outputPaths = (
			);
			runOnlyForDeploymentPostprocessing = 0;
			shellPath = /bin/sh;
			shellScript = "if which swiftlint >/dev/null; then\n  swiftlint\nelse\n  echo \"warning: SwiftLint not installed, download from https://github.com/realm/SwiftLint\"\nfi\n";
		};
/* End PBXShellScriptBuildPhase section */

/* Begin PBXSourcesBuildPhase section */
		E448B9FC23ED53AD00C97FFF /* Sources */ = {
			isa = PBXSourcesBuildPhase;
			buildActionMask = 2147483647;
			files = (
				E448BA5123ED61F200C97FFF /* CitySelectorSceneBuilder.swift in Sources */,
				E448BA4323ED60A200C97FFF /* CitySelectorViewProtocol.swift in Sources */,
				E448BA5323ED625600C97FFF /* StringExtension.swift in Sources */,
				E448BA3823ED5EE600C97FFF /* CitySelectorInteractor.swift in Sources */,
				E448BA5523ED626800C97FFF /* UIViewControllerExtension.swift in Sources */,
				E448BA3E23ED5FAF00C97FFF /* CitySelectorPresenter.swift in Sources */,
				E448BA4023ED5FBD00C97FFF /* CitySelectorPresenterProtocol.swift in Sources */,
				E448BA3423ED5E7A00C97FFF /* CitySelectorRouterProtocol.swift in Sources */,
				E448BA5723ED627E00C97FFF /* UIViewExtension.swift in Sources */,
				E448BA4D23ED61B800C97FFF /* BaseViewController.swift in Sources */,
				E448BA3623ED5EA600C97FFF /* CitySelectorRouter.swift in Sources */,
				E448BA0423ED53AD00C97FFF /* AppDelegate.swift in Sources */,
				E448BA3A23ED5EF900C97FFF /* CitySelectorInteractorProtocol.swift in Sources */,
				E448BA4623ED60DD00C97FFF /* CitySelectorViewController.swift in Sources */,
				E448BA4B23ED61A500C97FFF /* BaseViewControllerProtocol.swift in Sources */,
				E448BA5C23ED62E100C97FFF /* AppStyle.swift in Sources */,
				E448BA4F23ED61CB00C97FFF /* BasePresenterProtocol.swift in Sources */,
				E448BA3C23ED5F1100C97FFF /* CitySelectorInteractorOutput.swift in Sources */,
			);
			runOnlyForDeploymentPostprocessing = 0;
		};
		E448BA1223ED53B200C97FFF /* Sources */ = {
			isa = PBXSourcesBuildPhase;
			buildActionMask = 2147483647;
			files = (
				E448BA1B23ED53B200C97FFF /* WegfinderChallengeTests.swift in Sources */,
			);
			runOnlyForDeploymentPostprocessing = 0;
		};
/* End PBXSourcesBuildPhase section */

/* Begin PBXTargetDependency section */
		E448BA1823ED53B200C97FFF /* PBXTargetDependency */ = {
			isa = PBXTargetDependency;
			target = E448B9FF23ED53AD00C97FFF /* WegfinderChallenge */;
			targetProxy = E448BA1723ED53B200C97FFF /* PBXContainerItemProxy */;
		};
/* End PBXTargetDependency section */

/* Begin PBXVariantGroup section */
		E448BA0E23ED53B200C97FFF /* LaunchScreen.storyboard */ = {
			isa = PBXVariantGroup;
			children = (
				E448BA0F23ED53B200C97FFF /* Base */,
			);
			name = LaunchScreen.storyboard;
			sourceTree = "<group>";
		};
/* End PBXVariantGroup section */

/* Begin XCBuildConfiguration section */
		E448BA1D23ED53B200C97FFF /* Debug */ = {
			isa = XCBuildConfiguration;
			buildSettings = {
				ALWAYS_SEARCH_USER_PATHS = NO;
				CLANG_ANALYZER_NONNULL = YES;
				CLANG_ANALYZER_NUMBER_OBJECT_CONVERSION = YES_AGGRESSIVE;
				CLANG_CXX_LANGUAGE_STANDARD = "gnu++14";
				CLANG_CXX_LIBRARY = "libc++";
				CLANG_ENABLE_MODULES = YES;
				CLANG_ENABLE_OBJC_ARC = YES;
				CLANG_ENABLE_OBJC_WEAK = YES;
				CLANG_WARN_BLOCK_CAPTURE_AUTORELEASING = YES;
				CLANG_WARN_BOOL_CONVERSION = YES;
				CLANG_WARN_COMMA = YES;
				CLANG_WARN_CONSTANT_CONVERSION = YES;
				CLANG_WARN_DEPRECATED_OBJC_IMPLEMENTATIONS = YES;
				CLANG_WARN_DIRECT_OBJC_ISA_USAGE = YES_ERROR;
				CLANG_WARN_DOCUMENTATION_COMMENTS = YES;
				CLANG_WARN_EMPTY_BODY = YES;
				CLANG_WARN_ENUM_CONVERSION = YES;
				CLANG_WARN_INFINITE_RECURSION = YES;
				CLANG_WARN_INT_CONVERSION = YES;
				CLANG_WARN_NON_LITERAL_NULL_CONVERSION = YES;
				CLANG_WARN_OBJC_IMPLICIT_RETAIN_SELF = YES;
				CLANG_WARN_OBJC_LITERAL_CONVERSION = YES;
				CLANG_WARN_OBJC_ROOT_CLASS = YES_ERROR;
				CLANG_WARN_RANGE_LOOP_ANALYSIS = YES;
				CLANG_WARN_STRICT_PROTOTYPES = YES;
				CLANG_WARN_SUSPICIOUS_MOVE = YES;
				CLANG_WARN_UNGUARDED_AVAILABILITY = YES_AGGRESSIVE;
				CLANG_WARN_UNREACHABLE_CODE = YES;
				CLANG_WARN__DUPLICATE_METHOD_MATCH = YES;
				COPY_PHASE_STRIP = NO;
				DEBUG_INFORMATION_FORMAT = dwarf;
				ENABLE_STRICT_OBJC_MSGSEND = YES;
				ENABLE_TESTABILITY = YES;
				GCC_C_LANGUAGE_STANDARD = gnu11;
				GCC_DYNAMIC_NO_PIC = NO;
				GCC_NO_COMMON_BLOCKS = YES;
				GCC_OPTIMIZATION_LEVEL = 0;
				GCC_PREPROCESSOR_DEFINITIONS = (
					"DEBUG=1",
					"$(inherited)",
				);
				GCC_WARN_64_TO_32_BIT_CONVERSION = YES;
				GCC_WARN_ABOUT_RETURN_TYPE = YES_ERROR;
				GCC_WARN_UNDECLARED_SELECTOR = YES;
				GCC_WARN_UNINITIALIZED_AUTOS = YES_AGGRESSIVE;
				GCC_WARN_UNUSED_FUNCTION = YES;
				GCC_WARN_UNUSED_VARIABLE = YES;
				IPHONEOS_DEPLOYMENT_TARGET = 13.2;
				MTL_ENABLE_DEBUG_INFO = INCLUDE_SOURCE;
				MTL_FAST_MATH = YES;
				ONLY_ACTIVE_ARCH = YES;
				SDKROOT = iphoneos;
				SWIFT_ACTIVE_COMPILATION_CONDITIONS = DEBUG;
				SWIFT_OPTIMIZATION_LEVEL = "-Onone";
			};
			name = Debug;
		};
		E448BA1E23ED53B200C97FFF /* Release */ = {
			isa = XCBuildConfiguration;
			buildSettings = {
				ALWAYS_SEARCH_USER_PATHS = NO;
				CLANG_ANALYZER_NONNULL = YES;
				CLANG_ANALYZER_NUMBER_OBJECT_CONVERSION = YES_AGGRESSIVE;
				CLANG_CXX_LANGUAGE_STANDARD = "gnu++14";
				CLANG_CXX_LIBRARY = "libc++";
				CLANG_ENABLE_MODULES = YES;
				CLANG_ENABLE_OBJC_ARC = YES;
				CLANG_ENABLE_OBJC_WEAK = YES;
				CLANG_WARN_BLOCK_CAPTURE_AUTORELEASING = YES;
				CLANG_WARN_BOOL_CONVERSION = YES;
				CLANG_WARN_COMMA = YES;
				CLANG_WARN_CONSTANT_CONVERSION = YES;
				CLANG_WARN_DEPRECATED_OBJC_IMPLEMENTATIONS = YES;
				CLANG_WARN_DIRECT_OBJC_ISA_USAGE = YES_ERROR;
				CLANG_WARN_DOCUMENTATION_COMMENTS = YES;
				CLANG_WARN_EMPTY_BODY = YES;
				CLANG_WARN_ENUM_CONVERSION = YES;
				CLANG_WARN_INFINITE_RECURSION = YES;
				CLANG_WARN_INT_CONVERSION = YES;
				CLANG_WARN_NON_LITERAL_NULL_CONVERSION = YES;
				CLANG_WARN_OBJC_IMPLICIT_RETAIN_SELF = YES;
				CLANG_WARN_OBJC_LITERAL_CONVERSION = YES;
				CLANG_WARN_OBJC_ROOT_CLASS = YES_ERROR;
				CLANG_WARN_RANGE_LOOP_ANALYSIS = YES;
				CLANG_WARN_STRICT_PROTOTYPES = YES;
				CLANG_WARN_SUSPICIOUS_MOVE = YES;
				CLANG_WARN_UNGUARDED_AVAILABILITY = YES_AGGRESSIVE;
				CLANG_WARN_UNREACHABLE_CODE = YES;
				CLANG_WARN__DUPLICATE_METHOD_MATCH = YES;
				COPY_PHASE_STRIP = NO;
				DEBUG_INFORMATION_FORMAT = "dwarf-with-dsym";
				ENABLE_NS_ASSERTIONS = NO;
				ENABLE_STRICT_OBJC_MSGSEND = YES;
				GCC_C_LANGUAGE_STANDARD = gnu11;
				GCC_NO_COMMON_BLOCKS = YES;
				GCC_WARN_64_TO_32_BIT_CONVERSION = YES;
				GCC_WARN_ABOUT_RETURN_TYPE = YES_ERROR;
				GCC_WARN_UNDECLARED_SELECTOR = YES;
				GCC_WARN_UNINITIALIZED_AUTOS = YES_AGGRESSIVE;
				GCC_WARN_UNUSED_FUNCTION = YES;
				GCC_WARN_UNUSED_VARIABLE = YES;
				IPHONEOS_DEPLOYMENT_TARGET = 13.2;
				MTL_ENABLE_DEBUG_INFO = NO;
				MTL_FAST_MATH = YES;
				SDKROOT = iphoneos;
				SWIFT_COMPILATION_MODE = wholemodule;
				SWIFT_OPTIMIZATION_LEVEL = "-O";
				VALIDATE_PRODUCT = YES;
			};
			name = Release;
		};
		E448BA2023ED53B200C97FFF /* Debug */ = {
			isa = XCBuildConfiguration;
			buildSettings = {
				ASSETCATALOG_COMPILER_APPICON_NAME = AppIcon;
				CODE_SIGN_STYLE = Automatic;
				INFOPLIST_FILE = WegfinderChallenge/Info.plist;
				IPHONEOS_DEPLOYMENT_TARGET = 11.0;
				LD_RUNPATH_SEARCH_PATHS = (
					"$(inherited)",
					"@executable_path/Frameworks",
				);
				PRODUCT_BUNDLE_IDENTIFIER = com.bella.WegfinderChallenge;
				PRODUCT_NAME = "$(TARGET_NAME)";
				SWIFT_VERSION = 5.0;
				TARGETED_DEVICE_FAMILY = 1;
			};
			name = Debug;
		};
		E448BA2123ED53B200C97FFF /* Release */ = {
			isa = XCBuildConfiguration;
			buildSettings = {
				ASSETCATALOG_COMPILER_APPICON_NAME = AppIcon;
				CODE_SIGN_STYLE = Automatic;
				INFOPLIST_FILE = WegfinderChallenge/Info.plist;
				IPHONEOS_DEPLOYMENT_TARGET = 11.0;
				LD_RUNPATH_SEARCH_PATHS = (
					"$(inherited)",
					"@executable_path/Frameworks",
				);
				PRODUCT_BUNDLE_IDENTIFIER = com.bella.WegfinderChallenge;
				PRODUCT_NAME = "$(TARGET_NAME)";
				SWIFT_VERSION = 5.0;
				TARGETED_DEVICE_FAMILY = 1;
			};
			name = Release;
		};
		E448BA2323ED53B200C97FFF /* Debug */ = {
			isa = XCBuildConfiguration;
			buildSettings = {
				ALWAYS_EMBED_SWIFT_STANDARD_LIBRARIES = YES;
				BUNDLE_LOADER = "$(TEST_HOST)";
				CODE_SIGN_STYLE = Automatic;
				INFOPLIST_FILE = WegfinderChallengeTests/Info.plist;
				IPHONEOS_DEPLOYMENT_TARGET = 13.2;
				LD_RUNPATH_SEARCH_PATHS = (
					"$(inherited)",
					"@executable_path/Frameworks",
					"@loader_path/Frameworks",
				);
				PRODUCT_BUNDLE_IDENTIFIER = com.bella.WegfinderChallengeTests;
				PRODUCT_NAME = "$(TARGET_NAME)";
				SWIFT_VERSION = 5.0;
				TARGETED_DEVICE_FAMILY = "1,2";
				TEST_HOST = "$(BUILT_PRODUCTS_DIR)/WegfinderChallenge.app/WegfinderChallenge";
			};
			name = Debug;
		};
		E448BA2423ED53B200C97FFF /* Release */ = {
			isa = XCBuildConfiguration;
			buildSettings = {
				ALWAYS_EMBED_SWIFT_STANDARD_LIBRARIES = YES;
				BUNDLE_LOADER = "$(TEST_HOST)";
				CODE_SIGN_STYLE = Automatic;
				INFOPLIST_FILE = WegfinderChallengeTests/Info.plist;
				IPHONEOS_DEPLOYMENT_TARGET = 13.2;
				LD_RUNPATH_SEARCH_PATHS = (
					"$(inherited)",
					"@executable_path/Frameworks",
					"@loader_path/Frameworks",
				);
				PRODUCT_BUNDLE_IDENTIFIER = com.bella.WegfinderChallengeTests;
				PRODUCT_NAME = "$(TARGET_NAME)";
				SWIFT_VERSION = 5.0;
				TARGETED_DEVICE_FAMILY = "1,2";
				TEST_HOST = "$(BUILT_PRODUCTS_DIR)/WegfinderChallenge.app/WegfinderChallenge";
			};
			name = Release;
		};
/* End XCBuildConfiguration section */

/* Begin XCConfigurationList section */
		E448B9FB23ED53AD00C97FFF /* Build configuration list for PBXProject "WegfinderChallenge" */ = {
			isa = XCConfigurationList;
			buildConfigurations = (
				E448BA1D23ED53B200C97FFF /* Debug */,
				E448BA1E23ED53B200C97FFF /* Release */,
			);
			defaultConfigurationIsVisible = 0;
			defaultConfigurationName = Release;
		};
		E448BA1F23ED53B200C97FFF /* Build configuration list for PBXNativeTarget "WegfinderChallenge" */ = {
			isa = XCConfigurationList;
			buildConfigurations = (
				E448BA2023ED53B200C97FFF /* Debug */,
				E448BA2123ED53B200C97FFF /* Release */,
			);
			defaultConfigurationIsVisible = 0;
			defaultConfigurationName = Release;
		};
		E448BA2223ED53B200C97FFF /* Build configuration list for PBXNativeTarget "WegfinderChallengeTests" */ = {
			isa = XCConfigurationList;
			buildConfigurations = (
				E448BA2323ED53B200C97FFF /* Debug */,
				E448BA2423ED53B200C97FFF /* Release */,
			);
			defaultConfigurationIsVisible = 0;
			defaultConfigurationName = Release;
		};
/* End XCConfigurationList section */
	};
	rootObject = E448B9F823ED53AD00C97FFF /* Project object */;
}
