// !$*UTF8*$!
{
	archiveVersion = 1;
	classes = {
	};
	objectVersion = 51;
	objects = {

/* Begin PBXBuildFile section */
		2E5C48C9109008FF1F94DDA3 /* Pods_WegfinderChallengeTests.framework in Frameworks */ = {isa = PBXBuildFile; fileRef = 08AF2952DE124CCD81138C9C /* Pods_WegfinderChallengeTests.framework */; };
		7C6F66F9F9C73DA711EE728D /* Pods_WegfinderChallenge.framework in Frameworks */ = {isa = PBXBuildFile; fileRef = 1E7DA84D9B97ACCBFD83F703 /* Pods_WegfinderChallenge.framework */; };
		E42630CF23ED6ED30067DA43 /* City.swift in Sources */ = {isa = PBXBuildFile; fileRef = E42630CE23ED6ED30067DA43 /* City.swift */; };
		E42630D123ED6EEE0067DA43 /* CityList.json in Resources */ = {isa = PBXBuildFile; fileRef = E42630D023ED6EED0067DA43 /* CityList.json */; };
		E42630D623ED724D0067DA43 /* CitySelectorViewModel.swift in Sources */ = {isa = PBXBuildFile; fileRef = E42630D523ED724D0067DA43 /* CitySelectorViewModel.swift */; };
		E42630D823ED74690067DA43 /* ThreadExtension.swift in Sources */ = {isa = PBXBuildFile; fileRef = E42630D723ED74690067DA43 /* ThreadExtension.swift */; };
		E42630DA23ED75520067DA43 /* ErrorWorkerProtocol.swift in Sources */ = {isa = PBXBuildFile; fileRef = E42630D923ED75520067DA43 /* ErrorWorkerProtocol.swift */; };
		E42630DC23ED76010067DA43 /* Dynamic.swift in Sources */ = {isa = PBXBuildFile; fileRef = E42630DB23ED76010067DA43 /* Dynamic.swift */; };
		E42630E023ED78570067DA43 /* CityListItemTableViewCell.swift in Sources */ = {isa = PBXBuildFile; fileRef = E42630DE23ED78570067DA43 /* CityListItemTableViewCell.swift */; };
		E42630E123ED78570067DA43 /* CityListItemTableViewCell.xib in Resources */ = {isa = PBXBuildFile; fileRef = E42630DF23ED78570067DA43 /* CityListItemTableViewCell.xib */; };
		E42630E323ED7A310067DA43 /* BaseTableViewCell.swift in Sources */ = {isa = PBXBuildFile; fileRef = E42630E223ED7A310067DA43 /* BaseTableViewCell.swift */; };
		E42630E623ED80060067DA43 /* ErrorWorkerTests.swift in Sources */ = {isa = PBXBuildFile; fileRef = E42630E523ED80060067DA43 /* ErrorWorkerTests.swift */; };
		E42630E823ED80120067DA43 /* FileWorkerTests.swift in Sources */ = {isa = PBXBuildFile; fileRef = E42630E723ED80120067DA43 /* FileWorkerTests.swift */; };
		E42630EB23ED82060067DA43 /* CitySelectorPresenterTests.swift in Sources */ = {isa = PBXBuildFile; fileRef = E42630EA23ED82060067DA43 /* CitySelectorPresenterTests.swift */; };
		E42630ED23ED84BC0067DA43 /* CitySelectorInteractorTests.swift in Sources */ = {isa = PBXBuildFile; fileRef = E42630EC23ED84BC0067DA43 /* CitySelectorInteractorTests.swift */; };
		E448BA0423ED53AD00C97FFF /* AppDelegate.swift in Sources */ = {isa = PBXBuildFile; fileRef = E448BA0323ED53AD00C97FFF /* AppDelegate.swift */; };
		E448BA0D23ED53B200C97FFF /* Assets.xcassets in Resources */ = {isa = PBXBuildFile; fileRef = E448BA0C23ED53B200C97FFF /* Assets.xcassets */; };
		E448BA1023ED53B200C97FFF /* LaunchScreen.storyboard in Resources */ = {isa = PBXBuildFile; fileRef = E448BA0E23ED53B200C97FFF /* LaunchScreen.storyboard */; };
		E448BA3423ED5E7A00C97FFF /* CitySelectorRouterProtocol.swift in Sources */ = {isa = PBXBuildFile; fileRef = E448BA3323ED5E7A00C97FFF /* CitySelectorRouterProtocol.swift */; };
		E448BA3623ED5EA600C97FFF /* CitySelectorRouter.swift in Sources */ = {isa = PBXBuildFile; fileRef = E448BA3523ED5EA600C97FFF /* CitySelectorRouter.swift */; };
		E448BA3823ED5EE600C97FFF /* CitySelectorInteractor.swift in Sources */ = {isa = PBXBuildFile; fileRef = E448BA3723ED5EE600C97FFF /* CitySelectorInteractor.swift */; };
		E448BA3A23ED5EF900C97FFF /* CitySelectorInteractorProtocol.swift in Sources */ = {isa = PBXBuildFile; fileRef = E448BA3923ED5EF900C97FFF /* CitySelectorInteractorProtocol.swift */; };
		E448BA3C23ED5F1100C97FFF /* CitySelectorInteractorOutput.swift in Sources */ = {isa = PBXBuildFile; fileRef = E448BA3B23ED5F1100C97FFF /* CitySelectorInteractorOutput.swift */; };
		E448BA3E23ED5FAF00C97FFF /* CitySelectorPresenter.swift in Sources */ = {isa = PBXBuildFile; fileRef = E448BA3D23ED5FAF00C97FFF /* CitySelectorPresenter.swift */; };
		E448BA4023ED5FBD00C97FFF /* CitySelectorPresenterProtocol.swift in Sources */ = {isa = PBXBuildFile; fileRef = E448BA3F23ED5FBD00C97FFF /* CitySelectorPresenterProtocol.swift */; };
		E448BA4323ED60A200C97FFF /* CitySelectorViewProtocol.swift in Sources */ = {isa = PBXBuildFile; fileRef = E448BA4223ED60A200C97FFF /* CitySelectorViewProtocol.swift */; };
		E448BA4623ED60DD00C97FFF /* CitySelectorViewController.swift in Sources */ = {isa = PBXBuildFile; fileRef = E448BA4423ED60DD00C97FFF /* CitySelectorViewController.swift */; };
		E448BA4723ED60DD00C97FFF /* CitySelectorViewController.xib in Resources */ = {isa = PBXBuildFile; fileRef = E448BA4523ED60DD00C97FFF /* CitySelectorViewController.xib */; };
		E448BA4B23ED61A500C97FFF /* BaseViewControllerProtocol.swift in Sources */ = {isa = PBXBuildFile; fileRef = E448BA4A23ED61A500C97FFF /* BaseViewControllerProtocol.swift */; };
		E448BA4D23ED61B800C97FFF /* BaseViewController.swift in Sources */ = {isa = PBXBuildFile; fileRef = E448BA4C23ED61B800C97FFF /* BaseViewController.swift */; };
		E448BA4F23ED61CB00C97FFF /* BasePresenterProtocol.swift in Sources */ = {isa = PBXBuildFile; fileRef = E448BA4E23ED61CB00C97FFF /* BasePresenterProtocol.swift */; };
		E448BA5123ED61F200C97FFF /* CitySelectorSceneBuilder.swift in Sources */ = {isa = PBXBuildFile; fileRef = E448BA5023ED61F200C97FFF /* CitySelectorSceneBuilder.swift */; };
		E448BA5323ED625600C97FFF /* StringExtension.swift in Sources */ = {isa = PBXBuildFile; fileRef = E448BA5223ED625600C97FFF /* StringExtension.swift */; };
		E448BA5523ED626800C97FFF /* UIViewControllerExtension.swift in Sources */ = {isa = PBXBuildFile; fileRef = E448BA5423ED626800C97FFF /* UIViewControllerExtension.swift */; };
		E448BA5723ED627E00C97FFF /* UIViewExtension.swift in Sources */ = {isa = PBXBuildFile; fileRef = E448BA5623ED627E00C97FFF /* UIViewExtension.swift */; };
		E448BA5C23ED62E100C97FFF /* AppStyle.swift in Sources */ = {isa = PBXBuildFile; fileRef = E448BA5B23ED62E100C97FFF /* AppStyle.swift */; };
		E448BA5E23ED660A00C97FFF /* Colors.xcassets in Resources */ = {isa = PBXBuildFile; fileRef = E448BA5D23ED660900C97FFF /* Colors.xcassets */; };
		E448BA6223ED6A6F00C97FFF /* Localizable.strings in Resources */ = {isa = PBXBuildFile; fileRef = E448BA6123ED6A6F00C97FFF /* Localizable.strings */; };
		E448BA6423ED6D2D00C97FFF /* FileWorker.swift in Sources */ = {isa = PBXBuildFile; fileRef = E448BA6323ED6D2D00C97FFF /* FileWorker.swift */; };
		E448BA6623ED6D4600C97FFF /* FileWorkerProtocol.swift in Sources */ = {isa = PBXBuildFile; fileRef = E448BA6523ED6D4600C97FFF /* FileWorkerProtocol.swift */; };
		E448BA6823ED6D7900C97FFF /* ErrorWorker.swift in Sources */ = {isa = PBXBuildFile; fileRef = E448BA6723ED6D7900C97FFF /* ErrorWorker.swift */; };
		E44C782823ED8E4600B8D4DF /* CityWeatherForecastInteractor.swift in Sources */ = {isa = PBXBuildFile; fileRef = E44C782723ED8E4600B8D4DF /* CityWeatherForecastInteractor.swift */; };
		E44C782A23ED8E5100B8D4DF /* CityWeatherForecastInteractorProtocol.swift in Sources */ = {isa = PBXBuildFile; fileRef = E44C782923ED8E5100B8D4DF /* CityWeatherForecastInteractorProtocol.swift */; };
		E44C782C23ED8E6700B8D4DF /* CityWeatherForecastInteractorOutput.swift in Sources */ = {isa = PBXBuildFile; fileRef = E44C782B23ED8E6700B8D4DF /* CityWeatherForecastInteractorOutput.swift */; };
		E44C782E23ED8E8100B8D4DF /* CityWeatherForecastPresenter.swift in Sources */ = {isa = PBXBuildFile; fileRef = E44C782D23ED8E8100B8D4DF /* CityWeatherForecastPresenter.swift */; };
		E44C783023ED8E8F00B8D4DF /* CityWeatherForecastPresenterProtocol.swift in Sources */ = {isa = PBXBuildFile; fileRef = E44C782F23ED8E8F00B8D4DF /* CityWeatherForecastPresenterProtocol.swift */; };
		E44C783323ED8EA900B8D4DF /* CityWeatherForecastViewController.swift in Sources */ = {isa = PBXBuildFile; fileRef = E44C783123ED8EA900B8D4DF /* CityWeatherForecastViewController.swift */; };
		E44C783423ED8EA900B8D4DF /* CityWeatherForecastViewController.xib in Resources */ = {isa = PBXBuildFile; fileRef = E44C783223ED8EA900B8D4DF /* CityWeatherForecastViewController.xib */; };
		E44C783623ED8EB800B8D4DF /* CityWeatherForecastViewProtocol.swift in Sources */ = {isa = PBXBuildFile; fileRef = E44C783523ED8EB800B8D4DF /* CityWeatherForecastViewProtocol.swift */; };
		E44C783823ED8ECF00B8D4DF /* CityWeatherForecastSceneBuilder.swift in Sources */ = {isa = PBXBuildFile; fileRef = E44C783723ED8ECF00B8D4DF /* CityWeatherForecastSceneBuilder.swift */; };
		E44C783A23EEB4BE00B8D4DF /* TemperatureUnits.swift in Sources */ = {isa = PBXBuildFile; fileRef = E44C783923EEB4BE00B8D4DF /* TemperatureUnits.swift */; };
		E44C783D23EEB5A800B8D4DF /* NetworkWorkerProtocol.swift in Sources */ = {isa = PBXBuildFile; fileRef = E44C783C23EEB5A800B8D4DF /* NetworkWorkerProtocol.swift */; };
		E44C783F23EEB70300B8D4DF /* NetworkWorker.swift in Sources */ = {isa = PBXBuildFile; fileRef = E44C783E23EEB70300B8D4DF /* NetworkWorker.swift */; };
		E44C784223EEB7F700B8D4DF /* ApiConfig.plist in Resources */ = {isa = PBXBuildFile; fileRef = E44C784123EEB7F700B8D4DF /* ApiConfig.plist */; };
		E44C784423EEB82200B8D4DF /* Config.swift in Sources */ = {isa = PBXBuildFile; fileRef = E44C784323EEB82200B8D4DF /* Config.swift */; };
		E44C784623EEB82800B8D4DF /* ApiEnvironmentType.swift in Sources */ = {isa = PBXBuildFile; fileRef = E44C784523EEB82800B8D4DF /* ApiEnvironmentType.swift */; };
		E44C784923EEB9FB00B8D4DF /* ApiRequestProtocol.swift in Sources */ = {isa = PBXBuildFile; fileRef = E44C784823EEB9FB00B8D4DF /* ApiRequestProtocol.swift */; };
		E44C784B23EEBA0800B8D4DF /* HttpMethod.swift in Sources */ = {isa = PBXBuildFile; fileRef = E44C784A23EEBA0800B8D4DF /* HttpMethod.swift */; };
		E44C785023EEC3AD00B8D4DF /* CityWeatherForecastApiRequest.swift in Sources */ = {isa = PBXBuildFile; fileRef = E44C784F23EEC3AD00B8D4DF /* CityWeatherForecastApiRequest.swift */; };
		E44C785323EEC62F00B8D4DF /* CityWeatherForecastApiResponse.swift in Sources */ = {isa = PBXBuildFile; fileRef = E44C785223EEC62F00B8D4DF /* CityWeatherForecastApiResponse.swift */; };
		E44C785523EEC6CC00B8D4DF /* Forecast.swift in Sources */ = {isa = PBXBuildFile; fileRef = E44C785423EEC6CC00B8D4DF /* Forecast.swift */; };
		E44C785923EECA4E00B8D4DF /* Settlement.swift in Sources */ = {isa = PBXBuildFile; fileRef = E44C785823EECA4E00B8D4DF /* Settlement.swift */; };
		E44C785C23EED99300B8D4DF /* CityWeatherForecastViewModel.swift in Sources */ = {isa = PBXBuildFile; fileRef = E44C785B23EED99300B8D4DF /* CityWeatherForecastViewModel.swift */; };
		E44C786023EEEC2400B8D4DF /* WeatherForecastCollectionViewCell.swift in Sources */ = {isa = PBXBuildFile; fileRef = E44C785E23EEEC2400B8D4DF /* WeatherForecastCollectionViewCell.swift */; };
		E44C786123EEEC2400B8D4DF /* WeatherForecastCollectionViewCell.xib in Resources */ = {isa = PBXBuildFile; fileRef = E44C785F23EEEC2400B8D4DF /* WeatherForecastCollectionViewCell.xib */; };
		E44C786823EFF88B00B8D4DF /* DoubleExtension.swift in Sources */ = {isa = PBXBuildFile; fileRef = E44C786723EFF88B00B8D4DF /* DoubleExtension.swift */; };
		E44C786B23EFFB3500B8D4DF /* LocalizedLabel.swift in Sources */ = {isa = PBXBuildFile; fileRef = E44C786A23EFFB3400B8D4DF /* LocalizedLabel.swift */; };
		E44C786E23EFFC6100B8D4DF /* CLLocationCoordinate2DExtension.swift in Sources */ = {isa = PBXBuildFile; fileRef = E44C786D23EFFC6100B8D4DF /* CLLocationCoordinate2DExtension.swift */; };
		E44C787723F002EB00B8D4DF /* WeatherDailyForecastTableViewCell.swift in Sources */ = {isa = PBXBuildFile; fileRef = E44C787523F002EB00B8D4DF /* WeatherDailyForecastTableViewCell.swift */; };
		E44C787823F002EB00B8D4DF /* WeatherDailyForecastTableViewCell.xib in Resources */ = {isa = PBXBuildFile; fileRef = E44C787623F002EB00B8D4DF /* WeatherDailyForecastTableViewCell.xib */; };
		E44C787C23F0076300B8D4DF /* DateFormatterExtension.swift in Sources */ = {isa = PBXBuildFile; fileRef = E44C787B23F0076200B8D4DF /* DateFormatterExtension.swift */; };
		E4FF176D23F0299E00086EE3 /* UIImageViewExtension.swift in Sources */ = {isa = PBXBuildFile; fileRef = E4FF176C23F0299E00086EE3 /* UIImageViewExtension.swift */; };
/* End PBXBuildFile section */

/* Begin PBXContainerItemProxy section */
		E448BA1723ED53B200C97FFF /* PBXContainerItemProxy */ = {
			isa = PBXContainerItemProxy;
			containerPortal = E448B9F823ED53AD00C97FFF /* Project object */;
			proxyType = 1;
			remoteGlobalIDString = E448B9FF23ED53AD00C97FFF;
			remoteInfo = WegfinderChallenge;
		};
/* End PBXContainerItemProxy section */

/* Begin PBXFileReference section */
		08AF2952DE124CCD81138C9C /* Pods_WegfinderChallengeTests.framework */ = {isa = PBXFileReference; explicitFileType = wrapper.framework; includeInIndex = 0; path = Pods_WegfinderChallengeTests.framework; sourceTree = BUILT_PRODUCTS_DIR; };
		0A11EF87A371BC93DF8B6DB4 /* Pods-WegfinderChallenge.release.xcconfig */ = {isa = PBXFileReference; includeInIndex = 1; lastKnownFileType = text.xcconfig; name = "Pods-WegfinderChallenge.release.xcconfig"; path = "Target Support Files/Pods-WegfinderChallenge/Pods-WegfinderChallenge.release.xcconfig"; sourceTree = "<group>"; };
		1E7DA84D9B97ACCBFD83F703 /* Pods_WegfinderChallenge.framework */ = {isa = PBXFileReference; explicitFileType = wrapper.framework; includeInIndex = 0; path = Pods_WegfinderChallenge.framework; sourceTree = BUILT_PRODUCTS_DIR; };
		42662228301ABD9F1F929F8C /* Pods-WegfinderChallengeTests.release.xcconfig */ = {isa = PBXFileReference; includeInIndex = 1; lastKnownFileType = text.xcconfig; name = "Pods-WegfinderChallengeTests.release.xcconfig"; path = "Target Support Files/Pods-WegfinderChallengeTests/Pods-WegfinderChallengeTests.release.xcconfig"; sourceTree = "<group>"; };
		56E2664EA40A9CE4857AC8B7 /* Pods-WegfinderChallenge.debug.xcconfig */ = {isa = PBXFileReference; includeInIndex = 1; lastKnownFileType = text.xcconfig; name = "Pods-WegfinderChallenge.debug.xcconfig"; path = "Target Support Files/Pods-WegfinderChallenge/Pods-WegfinderChallenge.debug.xcconfig"; sourceTree = "<group>"; };
		E42630CE23ED6ED30067DA43 /* City.swift */ = {isa = PBXFileReference; lastKnownFileType = sourcecode.swift; path = City.swift; sourceTree = "<group>"; };
		E42630D023ED6EED0067DA43 /* CityList.json */ = {isa = PBXFileReference; fileEncoding = 4; lastKnownFileType = text.json; path = CityList.json; sourceTree = "<group>"; };
		E42630D523ED724D0067DA43 /* CitySelectorViewModel.swift */ = {isa = PBXFileReference; lastKnownFileType = sourcecode.swift; path = CitySelectorViewModel.swift; sourceTree = "<group>"; };
		E42630D723ED74690067DA43 /* ThreadExtension.swift */ = {isa = PBXFileReference; lastKnownFileType = sourcecode.swift; path = ThreadExtension.swift; sourceTree = "<group>"; };
		E42630D923ED75520067DA43 /* ErrorWorkerProtocol.swift */ = {isa = PBXFileReference; lastKnownFileType = sourcecode.swift; path = ErrorWorkerProtocol.swift; sourceTree = "<group>"; };
		E42630DB23ED76010067DA43 /* Dynamic.swift */ = {isa = PBXFileReference; lastKnownFileType = sourcecode.swift; path = Dynamic.swift; sourceTree = "<group>"; };
		E42630DE23ED78570067DA43 /* CityListItemTableViewCell.swift */ = {isa = PBXFileReference; lastKnownFileType = sourcecode.swift; path = CityListItemTableViewCell.swift; sourceTree = "<group>"; };
		E42630DF23ED78570067DA43 /* CityListItemTableViewCell.xib */ = {isa = PBXFileReference; lastKnownFileType = file.xib; path = CityListItemTableViewCell.xib; sourceTree = "<group>"; };
		E42630E223ED7A310067DA43 /* BaseTableViewCell.swift */ = {isa = PBXFileReference; lastKnownFileType = sourcecode.swift; path = BaseTableViewCell.swift; sourceTree = "<group>"; };
		E42630E523ED80060067DA43 /* ErrorWorkerTests.swift */ = {isa = PBXFileReference; lastKnownFileType = sourcecode.swift; path = ErrorWorkerTests.swift; sourceTree = "<group>"; };
		E42630E723ED80120067DA43 /* FileWorkerTests.swift */ = {isa = PBXFileReference; lastKnownFileType = sourcecode.swift; path = FileWorkerTests.swift; sourceTree = "<group>"; };
		E42630EA23ED82060067DA43 /* CitySelectorPresenterTests.swift */ = {isa = PBXFileReference; lastKnownFileType = sourcecode.swift; path = CitySelectorPresenterTests.swift; sourceTree = "<group>"; };
		E42630EC23ED84BC0067DA43 /* CitySelectorInteractorTests.swift */ = {isa = PBXFileReference; lastKnownFileType = sourcecode.swift; path = CitySelectorInteractorTests.swift; sourceTree = "<group>"; };
		E448BA0023ED53AD00C97FFF /* WegfinderChallenge.app */ = {isa = PBXFileReference; explicitFileType = wrapper.application; includeInIndex = 0; path = WegfinderChallenge.app; sourceTree = BUILT_PRODUCTS_DIR; };
		E448BA0323ED53AD00C97FFF /* AppDelegate.swift */ = {isa = PBXFileReference; lastKnownFileType = sourcecode.swift; path = AppDelegate.swift; sourceTree = "<group>"; };
		E448BA0C23ED53B200C97FFF /* Assets.xcassets */ = {isa = PBXFileReference; lastKnownFileType = folder.assetcatalog; path = Assets.xcassets; sourceTree = "<group>"; };
		E448BA0F23ED53B200C97FFF /* Base */ = {isa = PBXFileReference; lastKnownFileType = file.storyboard; name = Base; path = Base.lproj/LaunchScreen.storyboard; sourceTree = "<group>"; };
		E448BA1123ED53B200C97FFF /* Info.plist */ = {isa = PBXFileReference; lastKnownFileType = text.plist.xml; path = Info.plist; sourceTree = "<group>"; };
		E448BA1623ED53B200C97FFF /* WegfinderChallengeTests.xctest */ = {isa = PBXFileReference; explicitFileType = wrapper.cfbundle; includeInIndex = 0; path = WegfinderChallengeTests.xctest; sourceTree = BUILT_PRODUCTS_DIR; };
		E448BA1C23ED53B200C97FFF /* Info.plist */ = {isa = PBXFileReference; lastKnownFileType = text.plist.xml; path = Info.plist; sourceTree = "<group>"; };
		E448BA3323ED5E7A00C97FFF /* CitySelectorRouterProtocol.swift */ = {isa = PBXFileReference; lastKnownFileType = sourcecode.swift; path = CitySelectorRouterProtocol.swift; sourceTree = "<group>"; };
		E448BA3523ED5EA600C97FFF /* CitySelectorRouter.swift */ = {isa = PBXFileReference; lastKnownFileType = sourcecode.swift; path = CitySelectorRouter.swift; sourceTree = "<group>"; };
		E448BA3723ED5EE600C97FFF /* CitySelectorInteractor.swift */ = {isa = PBXFileReference; lastKnownFileType = sourcecode.swift; path = CitySelectorInteractor.swift; sourceTree = "<group>"; };
		E448BA3923ED5EF900C97FFF /* CitySelectorInteractorProtocol.swift */ = {isa = PBXFileReference; lastKnownFileType = sourcecode.swift; path = CitySelectorInteractorProtocol.swift; sourceTree = "<group>"; };
		E448BA3B23ED5F1100C97FFF /* CitySelectorInteractorOutput.swift */ = {isa = PBXFileReference; lastKnownFileType = sourcecode.swift; path = CitySelectorInteractorOutput.swift; sourceTree = "<group>"; };
		E448BA3D23ED5FAF00C97FFF /* CitySelectorPresenter.swift */ = {isa = PBXFileReference; lastKnownFileType = sourcecode.swift; path = CitySelectorPresenter.swift; sourceTree = "<group>"; };
		E448BA3F23ED5FBD00C97FFF /* CitySelectorPresenterProtocol.swift */ = {isa = PBXFileReference; lastKnownFileType = sourcecode.swift; path = CitySelectorPresenterProtocol.swift; sourceTree = "<group>"; };
		E448BA4223ED60A200C97FFF /* CitySelectorViewProtocol.swift */ = {isa = PBXFileReference; lastKnownFileType = sourcecode.swift; path = CitySelectorViewProtocol.swift; sourceTree = "<group>"; };
		E448BA4423ED60DD00C97FFF /* CitySelectorViewController.swift */ = {isa = PBXFileReference; lastKnownFileType = sourcecode.swift; path = CitySelectorViewController.swift; sourceTree = "<group>"; };
		E448BA4523ED60DD00C97FFF /* CitySelectorViewController.xib */ = {isa = PBXFileReference; lastKnownFileType = file.xib; path = CitySelectorViewController.xib; sourceTree = "<group>"; };
		E448BA4A23ED61A500C97FFF /* BaseViewControllerProtocol.swift */ = {isa = PBXFileReference; lastKnownFileType = sourcecode.swift; path = BaseViewControllerProtocol.swift; sourceTree = "<group>"; };
		E448BA4C23ED61B800C97FFF /* BaseViewController.swift */ = {isa = PBXFileReference; lastKnownFileType = sourcecode.swift; path = BaseViewController.swift; sourceTree = "<group>"; };
		E448BA4E23ED61CB00C97FFF /* BasePresenterProtocol.swift */ = {isa = PBXFileReference; lastKnownFileType = sourcecode.swift; path = BasePresenterProtocol.swift; sourceTree = "<group>"; };
		E448BA5023ED61F200C97FFF /* CitySelectorSceneBuilder.swift */ = {isa = PBXFileReference; lastKnownFileType = sourcecode.swift; path = CitySelectorSceneBuilder.swift; sourceTree = "<group>"; };
		E448BA5223ED625600C97FFF /* StringExtension.swift */ = {isa = PBXFileReference; lastKnownFileType = sourcecode.swift; path = StringExtension.swift; sourceTree = "<group>"; };
		E448BA5423ED626800C97FFF /* UIViewControllerExtension.swift */ = {isa = PBXFileReference; lastKnownFileType = sourcecode.swift; path = UIViewControllerExtension.swift; sourceTree = "<group>"; };
		E448BA5623ED627E00C97FFF /* UIViewExtension.swift */ = {isa = PBXFileReference; lastKnownFileType = sourcecode.swift; path = UIViewExtension.swift; sourceTree = "<group>"; };
		E448BA5B23ED62E100C97FFF /* AppStyle.swift */ = {isa = PBXFileReference; lastKnownFileType = sourcecode.swift; path = AppStyle.swift; sourceTree = "<group>"; };
		E448BA5D23ED660900C97FFF /* Colors.xcassets */ = {isa = PBXFileReference; lastKnownFileType = folder.assetcatalog; path = Colors.xcassets; sourceTree = "<group>"; };
		E448BA6123ED6A6F00C97FFF /* Localizable.strings */ = {isa = PBXFileReference; lastKnownFileType = text.plist.strings; path = Localizable.strings; sourceTree = "<group>"; };
		E448BA6323ED6D2D00C97FFF /* FileWorker.swift */ = {isa = PBXFileReference; lastKnownFileType = sourcecode.swift; path = FileWorker.swift; sourceTree = "<group>"; };
		E448BA6523ED6D4600C97FFF /* FileWorkerProtocol.swift */ = {isa = PBXFileReference; lastKnownFileType = sourcecode.swift; path = FileWorkerProtocol.swift; sourceTree = "<group>"; };
		E448BA6723ED6D7900C97FFF /* ErrorWorker.swift */ = {isa = PBXFileReference; lastKnownFileType = sourcecode.swift; path = ErrorWorker.swift; sourceTree = "<group>"; };
		E44C782723ED8E4600B8D4DF /* CityWeatherForecastInteractor.swift */ = {isa = PBXFileReference; lastKnownFileType = sourcecode.swift; path = CityWeatherForecastInteractor.swift; sourceTree = "<group>"; };
		E44C782923ED8E5100B8D4DF /* CityWeatherForecastInteractorProtocol.swift */ = {isa = PBXFileReference; lastKnownFileType = sourcecode.swift; path = CityWeatherForecastInteractorProtocol.swift; sourceTree = "<group>"; };
		E44C782B23ED8E6700B8D4DF /* CityWeatherForecastInteractorOutput.swift */ = {isa = PBXFileReference; lastKnownFileType = sourcecode.swift; path = CityWeatherForecastInteractorOutput.swift; sourceTree = "<group>"; };
		E44C782D23ED8E8100B8D4DF /* CityWeatherForecastPresenter.swift */ = {isa = PBXFileReference; lastKnownFileType = sourcecode.swift; path = CityWeatherForecastPresenter.swift; sourceTree = "<group>"; };
		E44C782F23ED8E8F00B8D4DF /* CityWeatherForecastPresenterProtocol.swift */ = {isa = PBXFileReference; lastKnownFileType = sourcecode.swift; path = CityWeatherForecastPresenterProtocol.swift; sourceTree = "<group>"; };
		E44C783123ED8EA900B8D4DF /* CityWeatherForecastViewController.swift */ = {isa = PBXFileReference; lastKnownFileType = sourcecode.swift; path = CityWeatherForecastViewController.swift; sourceTree = "<group>"; };
		E44C783223ED8EA900B8D4DF /* CityWeatherForecastViewController.xib */ = {isa = PBXFileReference; lastKnownFileType = file.xib; path = CityWeatherForecastViewController.xib; sourceTree = "<group>"; };
		E44C783523ED8EB800B8D4DF /* CityWeatherForecastViewProtocol.swift */ = {isa = PBXFileReference; lastKnownFileType = sourcecode.swift; path = CityWeatherForecastViewProtocol.swift; sourceTree = "<group>"; };
		E44C783723ED8ECF00B8D4DF /* CityWeatherForecastSceneBuilder.swift */ = {isa = PBXFileReference; lastKnownFileType = sourcecode.swift; path = CityWeatherForecastSceneBuilder.swift; sourceTree = "<group>"; };
		E44C783923EEB4BE00B8D4DF /* TemperatureUnits.swift */ = {isa = PBXFileReference; lastKnownFileType = sourcecode.swift; path = TemperatureUnits.swift; sourceTree = "<group>"; };
		E44C783C23EEB5A800B8D4DF /* NetworkWorkerProtocol.swift */ = {isa = PBXFileReference; lastKnownFileType = sourcecode.swift; path = NetworkWorkerProtocol.swift; sourceTree = "<group>"; };
		E44C783E23EEB70300B8D4DF /* NetworkWorker.swift */ = {isa = PBXFileReference; lastKnownFileType = sourcecode.swift; path = NetworkWorker.swift; sourceTree = "<group>"; };
		E44C784123EEB7F700B8D4DF /* ApiConfig.plist */ = {isa = PBXFileReference; lastKnownFileType = text.plist.xml; path = ApiConfig.plist; sourceTree = "<group>"; };
		E44C784323EEB82200B8D4DF /* Config.swift */ = {isa = PBXFileReference; lastKnownFileType = sourcecode.swift; path = Config.swift; sourceTree = "<group>"; };
		E44C784523EEB82800B8D4DF /* ApiEnvironmentType.swift */ = {isa = PBXFileReference; lastKnownFileType = sourcecode.swift; path = ApiEnvironmentType.swift; sourceTree = "<group>"; };
		E44C784823EEB9FB00B8D4DF /* ApiRequestProtocol.swift */ = {isa = PBXFileReference; lastKnownFileType = sourcecode.swift; path = ApiRequestProtocol.swift; sourceTree = "<group>"; };
		E44C784A23EEBA0800B8D4DF /* HttpMethod.swift */ = {isa = PBXFileReference; lastKnownFileType = sourcecode.swift; path = HttpMethod.swift; sourceTree = "<group>"; };
		E44C784F23EEC3AD00B8D4DF /* CityWeatherForecastApiRequest.swift */ = {isa = PBXFileReference; lastKnownFileType = sourcecode.swift; path = CityWeatherForecastApiRequest.swift; sourceTree = "<group>"; };
		E44C785223EEC62F00B8D4DF /* CityWeatherForecastApiResponse.swift */ = {isa = PBXFileReference; lastKnownFileType = sourcecode.swift; path = CityWeatherForecastApiResponse.swift; sourceTree = "<group>"; };
		E44C785423EEC6CC00B8D4DF /* Forecast.swift */ = {isa = PBXFileReference; lastKnownFileType = sourcecode.swift; path = Forecast.swift; sourceTree = "<group>"; };
		E44C785823EECA4E00B8D4DF /* Settlement.swift */ = {isa = PBXFileReference; lastKnownFileType = sourcecode.swift; path = Settlement.swift; sourceTree = "<group>"; };
		E44C785B23EED99300B8D4DF /* CityWeatherForecastViewModel.swift */ = {isa = PBXFileReference; lastKnownFileType = sourcecode.swift; path = CityWeatherForecastViewModel.swift; sourceTree = "<group>"; };
		E44C785E23EEEC2400B8D4DF /* WeatherForecastCollectionViewCell.swift */ = {isa = PBXFileReference; lastKnownFileType = sourcecode.swift; path = WeatherForecastCollectionViewCell.swift; sourceTree = "<group>"; };
		E44C785F23EEEC2400B8D4DF /* WeatherForecastCollectionViewCell.xib */ = {isa = PBXFileReference; lastKnownFileType = file.xib; path = WeatherForecastCollectionViewCell.xib; sourceTree = "<group>"; };
		E44C786723EFF88B00B8D4DF /* DoubleExtension.swift */ = {isa = PBXFileReference; lastKnownFileType = sourcecode.swift; path = DoubleExtension.swift; sourceTree = "<group>"; };
		E44C786A23EFFB3400B8D4DF /* LocalizedLabel.swift */ = {isa = PBXFileReference; lastKnownFileType = sourcecode.swift; path = LocalizedLabel.swift; sourceTree = "<group>"; };
		E44C786D23EFFC6100B8D4DF /* CLLocationCoordinate2DExtension.swift */ = {isa = PBXFileReference; lastKnownFileType = sourcecode.swift; path = CLLocationCoordinate2DExtension.swift; sourceTree = "<group>"; };
		E44C787523F002EB00B8D4DF /* WeatherDailyForecastTableViewCell.swift */ = {isa = PBXFileReference; lastKnownFileType = sourcecode.swift; path = WeatherDailyForecastTableViewCell.swift; sourceTree = "<group>"; };
		E44C787623F002EB00B8D4DF /* WeatherDailyForecastTableViewCell.xib */ = {isa = PBXFileReference; lastKnownFileType = file.xib; path = WeatherDailyForecastTableViewCell.xib; sourceTree = "<group>"; };
		E44C787B23F0076200B8D4DF /* DateFormatterExtension.swift */ = {isa = PBXFileReference; lastKnownFileType = sourcecode.swift; path = DateFormatterExtension.swift; sourceTree = "<group>"; };
		E4FF176C23F0299E00086EE3 /* UIImageViewExtension.swift */ = {isa = PBXFileReference; lastKnownFileType = sourcecode.swift; path = UIImageViewExtension.swift; sourceTree = "<group>"; };
		F18F25BD7E24E20346A1AB76 /* Pods-WegfinderChallengeTests.debug.xcconfig */ = {isa = PBXFileReference; includeInIndex = 1; lastKnownFileType = text.xcconfig; name = "Pods-WegfinderChallengeTests.debug.xcconfig"; path = "Target Support Files/Pods-WegfinderChallengeTests/Pods-WegfinderChallengeTests.debug.xcconfig"; sourceTree = "<group>"; };
/* End PBXFileReference section */

/* Begin PBXFrameworksBuildPhase section */
		E448B9FD23ED53AD00C97FFF /* Frameworks */ = {
			isa = PBXFrameworksBuildPhase;
			buildActionMask = 2147483647;
			files = (
				7C6F66F9F9C73DA711EE728D /* Pods_WegfinderChallenge.framework in Frameworks */,
			);
			runOnlyForDeploymentPostprocessing = 0;
		};
		E448BA1323ED53B200C97FFF /* Frameworks */ = {
			isa = PBXFrameworksBuildPhase;
			buildActionMask = 2147483647;
			files = (
				2E5C48C9109008FF1F94DDA3 /* Pods_WegfinderChallengeTests.framework in Frameworks */,
			);
			runOnlyForDeploymentPostprocessing = 0;
		};
/* End PBXFrameworksBuildPhase section */

/* Begin PBXGroup section */
		52D68F682ADB546824068DD9 /* Pods */ = {
			isa = PBXGroup;
			children = (
				56E2664EA40A9CE4857AC8B7 /* Pods-WegfinderChallenge.debug.xcconfig */,
				0A11EF87A371BC93DF8B6DB4 /* Pods-WegfinderChallenge.release.xcconfig */,
				F18F25BD7E24E20346A1AB76 /* Pods-WegfinderChallengeTests.debug.xcconfig */,
				42662228301ABD9F1F929F8C /* Pods-WegfinderChallengeTests.release.xcconfig */,
			);
			path = Pods;
			sourceTree = "<group>";
		};
		5B822D2769D7392BD1D54D06 /* Frameworks */ = {
			isa = PBXGroup;
			children = (
				1E7DA84D9B97ACCBFD83F703 /* Pods_WegfinderChallenge.framework */,
				08AF2952DE124CCD81138C9C /* Pods_WegfinderChallengeTests.framework */,
			);
			name = Frameworks;
			sourceTree = "<group>";
		};
		E42630D423ED72410067DA43 /* ViewModel */ = {
			isa = PBXGroup;
			children = (
				E42630D523ED724D0067DA43 /* CitySelectorViewModel.swift */,
			);
			path = ViewModel;
			sourceTree = "<group>";
		};
		E42630DD23ED78410067DA43 /* Cell */ = {
			isa = PBXGroup;
			children = (
				E42630DE23ED78570067DA43 /* CityListItemTableViewCell.swift */,
				E42630DF23ED78570067DA43 /* CityListItemTableViewCell.xib */,
			);
			path = Cell;
			sourceTree = "<group>";
		};
		E42630E423ED7FEA0067DA43 /* WorkerTests */ = {
			isa = PBXGroup;
			children = (
				E42630E523ED80060067DA43 /* ErrorWorkerTests.swift */,
				E42630E723ED80120067DA43 /* FileWorkerTests.swift */,
			);
			path = WorkerTests;
			sourceTree = "<group>";
		};
		E42630E923ED81E50067DA43 /* CitySelector */ = {
			isa = PBXGroup;
			children = (
				E42630EA23ED82060067DA43 /* CitySelectorPresenterTests.swift */,
				E42630EC23ED84BC0067DA43 /* CitySelectorInteractorTests.swift */,
			);
			path = CitySelector;
			sourceTree = "<group>";
		};
		E448B9F723ED53AD00C97FFF = {
			isa = PBXGroup;
			children = (
				E448BA0223ED53AD00C97FFF /* WegfinderChallenge */,
				E448BA1923ED53B200C97FFF /* WegfinderChallengeTests */,
				E448BA0123ED53AD00C97FFF /* Products */,
				52D68F682ADB546824068DD9 /* Pods */,
				5B822D2769D7392BD1D54D06 /* Frameworks */,
			);
			sourceTree = "<group>";
		};
		E448BA0123ED53AD00C97FFF /* Products */ = {
			isa = PBXGroup;
			children = (
				E448BA0023ED53AD00C97FFF /* WegfinderChallenge.app */,
				E448BA1623ED53B200C97FFF /* WegfinderChallengeTests.xctest */,
			);
			name = Products;
			sourceTree = "<group>";
		};
		E448BA0223ED53AD00C97FFF /* WegfinderChallenge */ = {
			isa = PBXGroup;
			children = (
				E44C784023EEB7CC00B8D4DF /* Config */,
				E44C786923EFFB2600B8D4DF /* CustomViews */,
				E448BA2923ED553300C97FFF /* Extensions */,
				E448BA5823ED62A300C97FFF /* Style */,
				E448BA2823ED552E00C97FFF /* Models */,
				E448BA2A23ED554400C97FFF /* Workers */,
				E448BA2623ED54FF00C97FFF /* Scene */,
				E448BA2523ED548D00C97FFF /* Resources */,
				E448BA0323ED53AD00C97FFF /* AppDelegate.swift */,
				E448BA1123ED53B200C97FFF /* Info.plist */,
			);
			path = WegfinderChallenge;
			sourceTree = "<group>";
		};
		E448BA1923ED53B200C97FFF /* WegfinderChallengeTests */ = {
			isa = PBXGroup;
			children = (
				E42630E923ED81E50067DA43 /* CitySelector */,
				E42630E423ED7FEA0067DA43 /* WorkerTests */,
				E448BA1C23ED53B200C97FFF /* Info.plist */,
			);
			path = WegfinderChallengeTests;
			sourceTree = "<group>";
		};
		E448BA2523ED548D00C97FFF /* Resources */ = {
			isa = PBXGroup;
			children = (
				E448BA0C23ED53B200C97FFF /* Assets.xcassets */,
				E448BA5D23ED660900C97FFF /* Colors.xcassets */,
				E448BA6123ED6A6F00C97FFF /* Localizable.strings */,
				E42630D023ED6EED0067DA43 /* CityList.json */,
			);
			path = Resources;
			sourceTree = "<group>";
		};
		E448BA2623ED54FF00C97FFF /* Scene */ = {
			isa = PBXGroup;
			children = (
				E448BA4123ED5FE000C97FFF /* BaseScene */,
				E448BA2723ED550900C97FFF /* Launch */,
				E448BA2C23ED5DE300C97FFF /* CitySelector */,
				E44C782223ED8DDC00B8D4DF /* CityWeatherForecast */,
			);
			path = Scene;
			sourceTree = "<group>";
		};
		E448BA2723ED550900C97FFF /* Launch */ = {
			isa = PBXGroup;
			children = (
				E448BA0E23ED53B200C97FFF /* LaunchScreen.storyboard */,
			);
			path = Launch;
			sourceTree = "<group>";
		};
		E448BA2823ED552E00C97FFF /* Models */ = {
			isa = PBXGroup;
			children = (
				E44C784723EEB9F300B8D4DF /* API */,
				E42630CE23ED6ED30067DA43 /* City.swift */,
				E42630DB23ED76010067DA43 /* Dynamic.swift */,
				E44C783923EEB4BE00B8D4DF /* TemperatureUnits.swift */,
				E44C785423EEC6CC00B8D4DF /* Forecast.swift */,
				E44C785823EECA4E00B8D4DF /* Settlement.swift */,
			);
			path = Models;
			sourceTree = "<group>";
		};
		E448BA2923ED553300C97FFF /* Extensions */ = {
			isa = PBXGroup;
			children = (
				E448BA5223ED625600C97FFF /* StringExtension.swift */,
				E448BA5423ED626800C97FFF /* UIViewControllerExtension.swift */,
				E448BA5623ED627E00C97FFF /* UIViewExtension.swift */,
				E42630D723ED74690067DA43 /* ThreadExtension.swift */,
				E44C786723EFF88B00B8D4DF /* DoubleExtension.swift */,
				E44C786D23EFFC6100B8D4DF /* CLLocationCoordinate2DExtension.swift */,
				E44C787B23F0076200B8D4DF /* DateFormatterExtension.swift */,
				E4FF176C23F0299E00086EE3 /* UIImageViewExtension.swift */,
			);
			path = Extensions;
			sourceTree = "<group>";
		};
		E448BA2A23ED554400C97FFF /* Workers */ = {
			isa = PBXGroup;
			children = (
				E44C783B23EEB59900B8D4DF /* NetworkWorker */,
				E448BA6B23ED6D8C00C97FFF /* ErrorWorker */,
				E448BA6A23ED6D8500C97FFF /* FileWorker */,
			);
			path = Workers;
			sourceTree = "<group>";
		};
		E448BA2C23ED5DE300C97FFF /* CitySelector */ = {
			isa = PBXGroup;
			children = (
				E448BA3223ED5E4800C97FFF /* SceneBuilder */,
				E448BA3023ED5E0800C97FFF /* View */,
				E448BA2E23ED5DFD00C97FFF /* Presenter */,
				E448BA2D23ED5DF600C97FFF /* Interactor */,
				E448BA3123ED5E4000C97FFF /* Router */,
			);
			path = CitySelector;
			sourceTree = "<group>";
		};
		E448BA2D23ED5DF600C97FFF /* Interactor */ = {
			isa = PBXGroup;
			children = (
				E448BA3723ED5EE600C97FFF /* CitySelectorInteractor.swift */,
				E448BA3923ED5EF900C97FFF /* CitySelectorInteractorProtocol.swift */,
				E448BA3B23ED5F1100C97FFF /* CitySelectorInteractorOutput.swift */,
			);
			path = Interactor;
			sourceTree = "<group>";
		};
		E448BA2E23ED5DFD00C97FFF /* Presenter */ = {
			isa = PBXGroup;
			children = (
				E448BA3D23ED5FAF00C97FFF /* CitySelectorPresenter.swift */,
				E448BA3F23ED5FBD00C97FFF /* CitySelectorPresenterProtocol.swift */,
			);
			path = Presenter;
			sourceTree = "<group>";
		};
		E448BA3023ED5E0800C97FFF /* View */ = {
			isa = PBXGroup;
			children = (
				E42630DD23ED78410067DA43 /* Cell */,
				E42630D423ED72410067DA43 /* ViewModel */,
				E448BA4223ED60A200C97FFF /* CitySelectorViewProtocol.swift */,
				E448BA4423ED60DD00C97FFF /* CitySelectorViewController.swift */,
				E448BA4523ED60DD00C97FFF /* CitySelectorViewController.xib */,
			);
			path = View;
			sourceTree = "<group>";
		};
		E448BA3123ED5E4000C97FFF /* Router */ = {
			isa = PBXGroup;
			children = (
				E448BA3523ED5EA600C97FFF /* CitySelectorRouter.swift */,
				E448BA3323ED5E7A00C97FFF /* CitySelectorRouterProtocol.swift */,
			);
			path = Router;
			sourceTree = "<group>";
		};
		E448BA3223ED5E4800C97FFF /* SceneBuilder */ = {
			isa = PBXGroup;
			children = (
				E448BA5023ED61F200C97FFF /* CitySelectorSceneBuilder.swift */,
			);
			path = SceneBuilder;
			sourceTree = "<group>";
		};
		E448BA4123ED5FE000C97FFF /* BaseScene */ = {
			isa = PBXGroup;
			children = (
				E448BA4823ED618500C97FFF /* View */,
				E448BA4923ED619300C97FFF /* Presenter */,
			);
			path = BaseScene;
			sourceTree = "<group>";
		};
		E448BA4823ED618500C97FFF /* View */ = {
			isa = PBXGroup;
			children = (
				E448BA4A23ED61A500C97FFF /* BaseViewControllerProtocol.swift */,
				E448BA4C23ED61B800C97FFF /* BaseViewController.swift */,
				E42630E223ED7A310067DA43 /* BaseTableViewCell.swift */,
			);
			path = View;
			sourceTree = "<group>";
		};
		E448BA4923ED619300C97FFF /* Presenter */ = {
			isa = PBXGroup;
			children = (
				E448BA4E23ED61CB00C97FFF /* BasePresenterProtocol.swift */,
			);
			path = Presenter;
			sourceTree = "<group>";
		};
		E448BA5823ED62A300C97FFF /* Style */ = {
			isa = PBXGroup;
			children = (
				E448BA5B23ED62E100C97FFF /* AppStyle.swift */,
			);
			path = Style;
			sourceTree = "<group>";
		};
		E448BA6A23ED6D8500C97FFF /* FileWorker */ = {
			isa = PBXGroup;
			children = (
				E448BA6323ED6D2D00C97FFF /* FileWorker.swift */,
				E448BA6523ED6D4600C97FFF /* FileWorkerProtocol.swift */,
			);
			path = FileWorker;
			sourceTree = "<group>";
		};
		E448BA6B23ED6D8C00C97FFF /* ErrorWorker */ = {
			isa = PBXGroup;
			children = (
				E448BA6723ED6D7900C97FFF /* ErrorWorker.swift */,
				E42630D923ED75520067DA43 /* ErrorWorkerProtocol.swift */,
			);
			path = ErrorWorker;
			sourceTree = "<group>";
		};
		E44C782223ED8DDC00B8D4DF /* CityWeatherForecast */ = {
			isa = PBXGroup;
			children = (
				E44C782323ED8DED00B8D4DF /* SceneBuilder */,
				E44C782423ED8DF400B8D4DF /* View */,
				E44C782523ED8DF800B8D4DF /* Presenter */,
				E44C782623ED8DFD00B8D4DF /* Interactor */,
			);
			path = CityWeatherForecast;
			sourceTree = "<group>";
		};
		E44C782323ED8DED00B8D4DF /* SceneBuilder */ = {
			isa = PBXGroup;
			children = (
				E44C783723ED8ECF00B8D4DF /* CityWeatherForecastSceneBuilder.swift */,
			);
			path = SceneBuilder;
			sourceTree = "<group>";
		};
		E44C782423ED8DF400B8D4DF /* View */ = {
			isa = PBXGroup;
			children = (
				E44C785D23EEEC0A00B8D4DF /* Cell */,
				E44C785A23EED97D00B8D4DF /* ViewModel */,
				E44C783523ED8EB800B8D4DF /* CityWeatherForecastViewProtocol.swift */,
				E44C783123ED8EA900B8D4DF /* CityWeatherForecastViewController.swift */,
				E44C783223ED8EA900B8D4DF /* CityWeatherForecastViewController.xib */,
			);
			path = View;
			sourceTree = "<group>";
		};
		E44C782523ED8DF800B8D4DF /* Presenter */ = {
			isa = PBXGroup;
			children = (
				E44C782D23ED8E8100B8D4DF /* CityWeatherForecastPresenter.swift */,
				E44C782F23ED8E8F00B8D4DF /* CityWeatherForecastPresenterProtocol.swift */,
			);
			path = Presenter;
			sourceTree = "<group>";
		};
		E44C782623ED8DFD00B8D4DF /* Interactor */ = {
			isa = PBXGroup;
			children = (
				E44C782723ED8E4600B8D4DF /* CityWeatherForecastInteractor.swift */,
				E44C782923ED8E5100B8D4DF /* CityWeatherForecastInteractorProtocol.swift */,
				E44C782B23ED8E6700B8D4DF /* CityWeatherForecastInteractorOutput.swift */,
			);
			path = Interactor;
			sourceTree = "<group>";
		};
		E44C783B23EEB59900B8D4DF /* NetworkWorker */ = {
			isa = PBXGroup;
			children = (
				E44C783C23EEB5A800B8D4DF /* NetworkWorkerProtocol.swift */,
				E44C783E23EEB70300B8D4DF /* NetworkWorker.swift */,
			);
			path = NetworkWorker;
			sourceTree = "<group>";
		};
		E44C784023EEB7CC00B8D4DF /* Config */ = {
			isa = PBXGroup;
			children = (
				E44C784123EEB7F700B8D4DF /* ApiConfig.plist */,
				E44C784323EEB82200B8D4DF /* Config.swift */,
				E44C784523EEB82800B8D4DF /* ApiEnvironmentType.swift */,
			);
			path = Config;
			sourceTree = "<group>";
		};
		E44C784723EEB9F300B8D4DF /* API */ = {
			isa = PBXGroup;
			children = (
				E44C785123EEC61500B8D4DF /* Responses */,
				E44C784C23EEC38900B8D4DF /* Requests */,
				E44C784823EEB9FB00B8D4DF /* ApiRequestProtocol.swift */,
				E44C784A23EEBA0800B8D4DF /* HttpMethod.swift */,
			);
			path = API;
			sourceTree = "<group>";
		};
		E44C784C23EEC38900B8D4DF /* Requests */ = {
			isa = PBXGroup;
			children = (
				E44C784F23EEC3AD00B8D4DF /* CityWeatherForecastApiRequest.swift */,
			);
			path = Requests;
			sourceTree = "<group>";
		};
		E44C785123EEC61500B8D4DF /* Responses */ = {
			isa = PBXGroup;
			children = (
				E44C785223EEC62F00B8D4DF /* CityWeatherForecastApiResponse.swift */,
			);
			path = Responses;
			sourceTree = "<group>";
		};
		E44C785A23EED97D00B8D4DF /* ViewModel */ = {
			isa = PBXGroup;
			children = (
				E44C785B23EED99300B8D4DF /* CityWeatherForecastViewModel.swift */,
			);
			path = ViewModel;
			sourceTree = "<group>";
		};
		E44C785D23EEEC0A00B8D4DF /* Cell */ = {
			isa = PBXGroup;
			children = (
				E44C785E23EEEC2400B8D4DF /* WeatherForecastCollectionViewCell.swift */,
				E44C785F23EEEC2400B8D4DF /* WeatherForecastCollectionViewCell.xib */,
				E44C787523F002EB00B8D4DF /* WeatherDailyForecastTableViewCell.swift */,
				E44C787623F002EB00B8D4DF /* WeatherDailyForecastTableViewCell.xib */,
			);
			path = Cell;
			sourceTree = "<group>";
		};
		E44C786923EFFB2600B8D4DF /* CustomViews */ = {
			isa = PBXGroup;
			children = (
				E44C786C23EFFB3800B8D4DF /* Labels */,
			);
			path = CustomViews;
			sourceTree = "<group>";
		};
		E44C786C23EFFB3800B8D4DF /* Labels */ = {
			isa = PBXGroup;
			children = (
				E44C786A23EFFB3400B8D4DF /* LocalizedLabel.swift */,
			);
			path = Labels;
			sourceTree = "<group>";
		};
/* End PBXGroup section */

/* Begin PBXNativeTarget section */
		E448B9FF23ED53AD00C97FFF /* WegfinderChallenge */ = {
			isa = PBXNativeTarget;
			buildConfigurationList = E448BA1F23ED53B200C97FFF /* Build configuration list for PBXNativeTarget "WegfinderChallenge" */;
			buildPhases = (
				8B8EF8DCA3B70982A22AA2EF /* [CP] Check Pods Manifest.lock */,
				E448B9FC23ED53AD00C97FFF /* Sources */,
				E448B9FD23ED53AD00C97FFF /* Frameworks */,
				E448B9FE23ED53AD00C97FFF /* Resources */,
				E448BA2B23ED559C00C97FFF /* SwiftLint */,
				3304004494076F262C70FF2D /* [CP] Embed Pods Frameworks */,
			);
			buildRules = (
			);
			dependencies = (
			);
			name = WegfinderChallenge;
			productName = WegfinderChallenge;
			productReference = E448BA0023ED53AD00C97FFF /* WegfinderChallenge.app */;
			productType = "com.apple.product-type.application";
		};
		E448BA1523ED53B200C97FFF /* WegfinderChallengeTests */ = {
			isa = PBXNativeTarget;
			buildConfigurationList = E448BA2223ED53B200C97FFF /* Build configuration list for PBXNativeTarget "WegfinderChallengeTests" */;
			buildPhases = (
				7CC0E8193528A12DB8EDAFA8 /* [CP] Check Pods Manifest.lock */,
				E448BA1223ED53B200C97FFF /* Sources */,
				E448BA1323ED53B200C97FFF /* Frameworks */,
				E448BA1423ED53B200C97FFF /* Resources */,
			);
			buildRules = (
			);
			dependencies = (
				E448BA1823ED53B200C97FFF /* PBXTargetDependency */,
			);
			name = WegfinderChallengeTests;
			productName = WegfinderChallengeTests;
			productReference = E448BA1623ED53B200C97FFF /* WegfinderChallengeTests.xctest */;
			productType = "com.apple.product-type.bundle.unit-test";
		};
/* End PBXNativeTarget section */

/* Begin PBXProject section */
		E448B9F823ED53AD00C97FFF /* Project object */ = {
			isa = PBXProject;
			attributes = {
				LastSwiftUpdateCheck = 1130;
				LastUpgradeCheck = 1130;
				ORGANIZATIONNAME = "Bella Ádám";
				TargetAttributes = {
					E448B9FF23ED53AD00C97FFF = {
						CreatedOnToolsVersion = 11.3.1;
					};
					E448BA1523ED53B200C97FFF = {
						CreatedOnToolsVersion = 11.3.1;
						TestTargetID = E448B9FF23ED53AD00C97FFF;
					};
				};
			};
			buildConfigurationList = E448B9FB23ED53AD00C97FFF /* Build configuration list for PBXProject "WegfinderChallenge" */;
			compatibilityVersion = "Xcode 9.3";
			developmentRegion = en;
			hasScannedForEncodings = 0;
			knownRegions = (
				en,
				Base,
			);
			mainGroup = E448B9F723ED53AD00C97FFF;
			productRefGroup = E448BA0123ED53AD00C97FFF /* Products */;
			projectDirPath = "";
			projectRoot = "";
			targets = (
				E448B9FF23ED53AD00C97FFF /* WegfinderChallenge */,
				E448BA1523ED53B200C97FFF /* WegfinderChallengeTests */,
			);
		};
/* End PBXProject section */

/* Begin PBXResourcesBuildPhase section */
		E448B9FE23ED53AD00C97FFF /* Resources */ = {
			isa = PBXResourcesBuildPhase;
			buildActionMask = 2147483647;
			files = (
				E44C786123EEEC2400B8D4DF /* WeatherForecastCollectionViewCell.xib in Resources */,
				E448BA6223ED6A6F00C97FFF /* Localizable.strings in Resources */,
				E448BA4723ED60DD00C97FFF /* CitySelectorViewController.xib in Resources */,
				E448BA5E23ED660A00C97FFF /* Colors.xcassets in Resources */,
				E44C787823F002EB00B8D4DF /* WeatherDailyForecastTableViewCell.xib in Resources */,
				E448BA1023ED53B200C97FFF /* LaunchScreen.storyboard in Resources */,
				E42630E123ED78570067DA43 /* CityListItemTableViewCell.xib in Resources */,
				E44C783423ED8EA900B8D4DF /* CityWeatherForecastViewController.xib in Resources */,
				E42630D123ED6EEE0067DA43 /* CityList.json in Resources */,
				E448BA0D23ED53B200C97FFF /* Assets.xcassets in Resources */,
				E44C784223EEB7F700B8D4DF /* ApiConfig.plist in Resources */,
			);
			runOnlyForDeploymentPostprocessing = 0;
		};
		E448BA1423ED53B200C97FFF /* Resources */ = {
			isa = PBXResourcesBuildPhase;
			buildActionMask = 2147483647;
			files = (
			);
			runOnlyForDeploymentPostprocessing = 0;
		};
/* End PBXResourcesBuildPhase section */

/* Begin PBXShellScriptBuildPhase section */
		3304004494076F262C70FF2D /* [CP] Embed Pods Frameworks */ = {
			isa = PBXShellScriptBuildPhase;
			buildActionMask = 2147483647;
			files = (
			);
			inputFileListPaths = (
				"${PODS_ROOT}/Target Support Files/Pods-WegfinderChallenge/Pods-WegfinderChallenge-frameworks-${CONFIGURATION}-input-files.xcfilelist",
			);
			name = "[CP] Embed Pods Frameworks";
			outputFileListPaths = (
				"${PODS_ROOT}/Target Support Files/Pods-WegfinderChallenge/Pods-WegfinderChallenge-frameworks-${CONFIGURATION}-output-files.xcfilelist",
			);
			runOnlyForDeploymentPostprocessing = 0;
			shellPath = /bin/sh;
			shellScript = "\"${PODS_ROOT}/Target Support Files/Pods-WegfinderChallenge/Pods-WegfinderChallenge-frameworks.sh\"\n";
			showEnvVarsInLog = 0;
		};
		7CC0E8193528A12DB8EDAFA8 /* [CP] Check Pods Manifest.lock */ = {
			isa = PBXShellScriptBuildPhase;
			buildActionMask = 2147483647;
			files = (
			);
			inputFileListPaths = (
			);
			inputPaths = (
				"${PODS_PODFILE_DIR_PATH}/Podfile.lock",
				"${PODS_ROOT}/Manifest.lock",
			);
			name = "[CP] Check Pods Manifest.lock";
			outputFileListPaths = (
			);
			outputPaths = (
				"$(DERIVED_FILE_DIR)/Pods-WegfinderChallengeTests-checkManifestLockResult.txt",
			);
			runOnlyForDeploymentPostprocessing = 0;
			shellPath = /bin/sh;
			shellScript = "diff \"${PODS_PODFILE_DIR_PATH}/Podfile.lock\" \"${PODS_ROOT}/Manifest.lock\" > /dev/null\nif [ $? != 0 ] ; then\n    # print error to STDERR\n    echo \"error: The sandbox is not in sync with the Podfile.lock. Run 'pod install' or update your CocoaPods installation.\" >&2\n    exit 1\nfi\n# This output is used by Xcode 'outputs' to avoid re-running this script phase.\necho \"SUCCESS\" > \"${SCRIPT_OUTPUT_FILE_0}\"\n";
			showEnvVarsInLog = 0;
		};
		8B8EF8DCA3B70982A22AA2EF /* [CP] Check Pods Manifest.lock */ = {
			isa = PBXShellScriptBuildPhase;
			buildActionMask = 2147483647;
			files = (
			);
			inputFileListPaths = (
			);
			inputPaths = (
				"${PODS_PODFILE_DIR_PATH}/Podfile.lock",
				"${PODS_ROOT}/Manifest.lock",
			);
			name = "[CP] Check Pods Manifest.lock";
			outputFileListPaths = (
			);
			outputPaths = (
				"$(DERIVED_FILE_DIR)/Pods-WegfinderChallenge-checkManifestLockResult.txt",
			);
			runOnlyForDeploymentPostprocessing = 0;
			shellPath = /bin/sh;
			shellScript = "diff \"${PODS_PODFILE_DIR_PATH}/Podfile.lock\" \"${PODS_ROOT}/Manifest.lock\" > /dev/null\nif [ $? != 0 ] ; then\n    # print error to STDERR\n    echo \"error: The sandbox is not in sync with the Podfile.lock. Run 'pod install' or update your CocoaPods installation.\" >&2\n    exit 1\nfi\n# This output is used by Xcode 'outputs' to avoid re-running this script phase.\necho \"SUCCESS\" > \"${SCRIPT_OUTPUT_FILE_0}\"\n";
			showEnvVarsInLog = 0;
		};
		E448BA2B23ED559C00C97FFF /* SwiftLint */ = {
			isa = PBXShellScriptBuildPhase;
			buildActionMask = 2147483647;
			files = (
			);
			inputFileListPaths = (
			);
			inputPaths = (
			);
			name = SwiftLint;
			outputFileListPaths = (
			);
			outputPaths = (
			);
			runOnlyForDeploymentPostprocessing = 0;
			shellPath = /bin/sh;
			shellScript = "if which swiftlint >/dev/null; then\n  swiftlint\nelse\n  echo \"warning: SwiftLint not installed, download from https://github.com/realm/SwiftLint\"\nfi\n";
		};
/* End PBXShellScriptBuildPhase section */

/* Begin PBXSourcesBuildPhase section */
		E448B9FC23ED53AD00C97FFF /* Sources */ = {
			isa = PBXSourcesBuildPhase;
			buildActionMask = 2147483647;
			files = (
				E448BA5123ED61F200C97FFF /* CitySelectorSceneBuilder.swift in Sources */,
				E448BA4323ED60A200C97FFF /* CitySelectorViewProtocol.swift in Sources */,
				E44C787C23F0076300B8D4DF /* DateFormatterExtension.swift in Sources */,
				E42630D823ED74690067DA43 /* ThreadExtension.swift in Sources */,
				E44C783623ED8EB800B8D4DF /* CityWeatherForecastViewProtocol.swift in Sources */,
				E44C783023ED8E8F00B8D4DF /* CityWeatherForecastPresenterProtocol.swift in Sources */,
				E44C782A23ED8E5100B8D4DF /* CityWeatherForecastInteractorProtocol.swift in Sources */,
				E44C786B23EFFB3500B8D4DF /* LocalizedLabel.swift in Sources */,
				E448BA5323ED625600C97FFF /* StringExtension.swift in Sources */,
				E42630E323ED7A310067DA43 /* BaseTableViewCell.swift in Sources */,
				E448BA3823ED5EE600C97FFF /* CitySelectorInteractor.swift in Sources */,
				E448BA5523ED626800C97FFF /* UIViewControllerExtension.swift in Sources */,
				E448BA3E23ED5FAF00C97FFF /* CitySelectorPresenter.swift in Sources */,
				E44C782E23ED8E8100B8D4DF /* CityWeatherForecastPresenter.swift in Sources */,
				E448BA4023ED5FBD00C97FFF /* CitySelectorPresenterProtocol.swift in Sources */,
				E44C785023EEC3AD00B8D4DF /* CityWeatherForecastApiRequest.swift in Sources */,
				E448BA3423ED5E7A00C97FFF /* CitySelectorRouterProtocol.swift in Sources */,
				E448BA5723ED627E00C97FFF /* UIViewExtension.swift in Sources */,
				E448BA4D23ED61B800C97FFF /* BaseViewController.swift in Sources */,
				E44C782823ED8E4600B8D4DF /* CityWeatherForecastInteractor.swift in Sources */,
				E448BA3623ED5EA600C97FFF /* CitySelectorRouter.swift in Sources */,
				E448BA0423ED53AD00C97FFF /* AppDelegate.swift in Sources */,
				E44C783A23EEB4BE00B8D4DF /* TemperatureUnits.swift in Sources */,
				E42630DC23ED76010067DA43 /* Dynamic.swift in Sources */,
				E44C784B23EEBA0800B8D4DF /* HttpMethod.swift in Sources */,
				E448BA3A23ED5EF900C97FFF /* CitySelectorInteractorProtocol.swift in Sources */,
				E448BA4623ED60DD00C97FFF /* CitySelectorViewController.swift in Sources */,
				E448BA6423ED6D2D00C97FFF /* FileWorker.swift in Sources */,
				E44C782C23ED8E6700B8D4DF /* CityWeatherForecastInteractorOutput.swift in Sources */,
				E448BA6623ED6D4600C97FFF /* FileWorkerProtocol.swift in Sources */,
				E44C783823ED8ECF00B8D4DF /* CityWeatherForecastSceneBuilder.swift in Sources */,
				E44C785C23EED99300B8D4DF /* CityWeatherForecastViewModel.swift in Sources */,
				E44C786823EFF88B00B8D4DF /* DoubleExtension.swift in Sources */,
				E448BA6823ED6D7900C97FFF /* ErrorWorker.swift in Sources */,
				E44C787723F002EB00B8D4DF /* WeatherDailyForecastTableViewCell.swift in Sources */,
				E42630E023ED78570067DA43 /* CityListItemTableViewCell.swift in Sources */,
				E448BA4B23ED61A500C97FFF /* BaseViewControllerProtocol.swift in Sources */,
				E44C783D23EEB5A800B8D4DF /* NetworkWorkerProtocol.swift in Sources */,
				E42630DA23ED75520067DA43 /* ErrorWorkerProtocol.swift in Sources */,
				E42630CF23ED6ED30067DA43 /* City.swift in Sources */,
				E44C783323ED8EA900B8D4DF /* CityWeatherForecastViewController.swift in Sources */,
				E44C785523EEC6CC00B8D4DF /* Forecast.swift in Sources */,
				E42630D623ED724D0067DA43 /* CitySelectorViewModel.swift in Sources */,
				E448BA5C23ED62E100C97FFF /* AppStyle.swift in Sources */,
				E44C785923EECA4E00B8D4DF /* Settlement.swift in Sources */,
				E44C786E23EFFC6100B8D4DF /* CLLocationCoordinate2DExtension.swift in Sources */,
				E44C784923EEB9FB00B8D4DF /* ApiRequestProtocol.swift in Sources */,
				E448BA4F23ED61CB00C97FFF /* BasePresenterProtocol.swift in Sources */,
				E44C784623EEB82800B8D4DF /* ApiEnvironmentType.swift in Sources */,
				E44C785323EEC62F00B8D4DF /* CityWeatherForecastApiResponse.swift in Sources */,
				E4FF176D23F0299E00086EE3 /* UIImageViewExtension.swift in Sources */,
				E44C784423EEB82200B8D4DF /* Config.swift in Sources */,
				E448BA3C23ED5F1100C97FFF /* CitySelectorInteractorOutput.swift in Sources */,
				E44C783F23EEB70300B8D4DF /* NetworkWorker.swift in Sources */,
				E44C786023EEEC2400B8D4DF /* WeatherForecastCollectionViewCell.swift in Sources */,
			);
			runOnlyForDeploymentPostprocessing = 0;
		};
		E448BA1223ED53B200C97FFF /* Sources */ = {
			isa = PBXSourcesBuildPhase;
			buildActionMask = 2147483647;
			files = (
				E42630EB23ED82060067DA43 /* CitySelectorPresenterTests.swift in Sources */,
				E42630E623ED80060067DA43 /* ErrorWorkerTests.swift in Sources */,
				E42630ED23ED84BC0067DA43 /* CitySelectorInteractorTests.swift in Sources */,
				E42630E823ED80120067DA43 /* FileWorkerTests.swift in Sources */,
			);
			runOnlyForDeploymentPostprocessing = 0;
		};
/* End PBXSourcesBuildPhase section */

/* Begin PBXTargetDependency section */
		E448BA1823ED53B200C97FFF /* PBXTargetDependency */ = {
			isa = PBXTargetDependency;
			target = E448B9FF23ED53AD00C97FFF /* WegfinderChallenge */;
			targetProxy = E448BA1723ED53B200C97FFF /* PBXContainerItemProxy */;
		};
/* End PBXTargetDependency section */

/* Begin PBXVariantGroup section */
		E448BA0E23ED53B200C97FFF /* LaunchScreen.storyboard */ = {
			isa = PBXVariantGroup;
			children = (
				E448BA0F23ED53B200C97FFF /* Base */,
			);
			name = LaunchScreen.storyboard;
			sourceTree = "<group>";
		};
/* End PBXVariantGroup section */

/* Begin XCBuildConfiguration section */
		E448BA1D23ED53B200C97FFF /* Debug */ = {
			isa = XCBuildConfiguration;
			buildSettings = {
				ALWAYS_SEARCH_USER_PATHS = NO;
				CLANG_ANALYZER_NONNULL = YES;
				CLANG_ANALYZER_NUMBER_OBJECT_CONVERSION = YES_AGGRESSIVE;
				CLANG_CXX_LANGUAGE_STANDARD = "gnu++14";
				CLANG_CXX_LIBRARY = "libc++";
				CLANG_ENABLE_MODULES = YES;
				CLANG_ENABLE_OBJC_ARC = YES;
				CLANG_ENABLE_OBJC_WEAK = YES;
				CLANG_WARN_BLOCK_CAPTURE_AUTORELEASING = YES;
				CLANG_WARN_BOOL_CONVERSION = YES;
				CLANG_WARN_COMMA = YES;
				CLANG_WARN_CONSTANT_CONVERSION = YES;
				CLANG_WARN_DEPRECATED_OBJC_IMPLEMENTATIONS = YES;
				CLANG_WARN_DIRECT_OBJC_ISA_USAGE = YES_ERROR;
				CLANG_WARN_DOCUMENTATION_COMMENTS = YES;
				CLANG_WARN_EMPTY_BODY = YES;
				CLANG_WARN_ENUM_CONVERSION = YES;
				CLANG_WARN_INFINITE_RECURSION = YES;
				CLANG_WARN_INT_CONVERSION = YES;
				CLANG_WARN_NON_LITERAL_NULL_CONVERSION = YES;
				CLANG_WARN_OBJC_IMPLICIT_RETAIN_SELF = YES;
				CLANG_WARN_OBJC_LITERAL_CONVERSION = YES;
				CLANG_WARN_OBJC_ROOT_CLASS = YES_ERROR;
				CLANG_WARN_RANGE_LOOP_ANALYSIS = YES;
				CLANG_WARN_STRICT_PROTOTYPES = YES;
				CLANG_WARN_SUSPICIOUS_MOVE = YES;
				CLANG_WARN_UNGUARDED_AVAILABILITY = YES_AGGRESSIVE;
				CLANG_WARN_UNREACHABLE_CODE = YES;
				CLANG_WARN__DUPLICATE_METHOD_MATCH = YES;
				COPY_PHASE_STRIP = NO;
				DEBUG_INFORMATION_FORMAT = dwarf;
				ENABLE_STRICT_OBJC_MSGSEND = YES;
				ENABLE_TESTABILITY = YES;
				GCC_C_LANGUAGE_STANDARD = gnu11;
				GCC_DYNAMIC_NO_PIC = NO;
				GCC_NO_COMMON_BLOCKS = YES;
				GCC_OPTIMIZATION_LEVEL = 0;
				GCC_PREPROCESSOR_DEFINITIONS = (
					"DEBUG=1",
					"$(inherited)",
				);
				GCC_WARN_64_TO_32_BIT_CONVERSION = YES;
				GCC_WARN_ABOUT_RETURN_TYPE = YES_ERROR;
				GCC_WARN_UNDECLARED_SELECTOR = YES;
				GCC_WARN_UNINITIALIZED_AUTOS = YES_AGGRESSIVE;
				GCC_WARN_UNUSED_FUNCTION = YES;
				GCC_WARN_UNUSED_VARIABLE = YES;
				IPHONEOS_DEPLOYMENT_TARGET = 13.2;
				MTL_ENABLE_DEBUG_INFO = INCLUDE_SOURCE;
				MTL_FAST_MATH = YES;
				ONLY_ACTIVE_ARCH = YES;
				SDKROOT = iphoneos;
				SWIFT_ACTIVE_COMPILATION_CONDITIONS = DEBUG;
				SWIFT_OPTIMIZATION_LEVEL = "-Onone";
			};
			name = Debug;
		};
		E448BA1E23ED53B200C97FFF /* Release */ = {
			isa = XCBuildConfiguration;
			buildSettings = {
				ALWAYS_SEARCH_USER_PATHS = NO;
				CLANG_ANALYZER_NONNULL = YES;
				CLANG_ANALYZER_NUMBER_OBJECT_CONVERSION = YES_AGGRESSIVE;
				CLANG_CXX_LANGUAGE_STANDARD = "gnu++14";
				CLANG_CXX_LIBRARY = "libc++";
				CLANG_ENABLE_MODULES = YES;
				CLANG_ENABLE_OBJC_ARC = YES;
				CLANG_ENABLE_OBJC_WEAK = YES;
				CLANG_WARN_BLOCK_CAPTURE_AUTORELEASING = YES;
				CLANG_WARN_BOOL_CONVERSION = YES;
				CLANG_WARN_COMMA = YES;
				CLANG_WARN_CONSTANT_CONVERSION = YES;
				CLANG_WARN_DEPRECATED_OBJC_IMPLEMENTATIONS = YES;
				CLANG_WARN_DIRECT_OBJC_ISA_USAGE = YES_ERROR;
				CLANG_WARN_DOCUMENTATION_COMMENTS = YES;
				CLANG_WARN_EMPTY_BODY = YES;
				CLANG_WARN_ENUM_CONVERSION = YES;
				CLANG_WARN_INFINITE_RECURSION = YES;
				CLANG_WARN_INT_CONVERSION = YES;
				CLANG_WARN_NON_LITERAL_NULL_CONVERSION = YES;
				CLANG_WARN_OBJC_IMPLICIT_RETAIN_SELF = YES;
				CLANG_WARN_OBJC_LITERAL_CONVERSION = YES;
				CLANG_WARN_OBJC_ROOT_CLASS = YES_ERROR;
				CLANG_WARN_RANGE_LOOP_ANALYSIS = YES;
				CLANG_WARN_STRICT_PROTOTYPES = YES;
				CLANG_WARN_SUSPICIOUS_MOVE = YES;
				CLANG_WARN_UNGUARDED_AVAILABILITY = YES_AGGRESSIVE;
				CLANG_WARN_UNREACHABLE_CODE = YES;
				CLANG_WARN__DUPLICATE_METHOD_MATCH = YES;
				COPY_PHASE_STRIP = NO;
				DEBUG_INFORMATION_FORMAT = "dwarf-with-dsym";
				ENABLE_NS_ASSERTIONS = NO;
				ENABLE_STRICT_OBJC_MSGSEND = YES;
				GCC_C_LANGUAGE_STANDARD = gnu11;
				GCC_NO_COMMON_BLOCKS = YES;
				GCC_WARN_64_TO_32_BIT_CONVERSION = YES;
				GCC_WARN_ABOUT_RETURN_TYPE = YES_ERROR;
				GCC_WARN_UNDECLARED_SELECTOR = YES;
				GCC_WARN_UNINITIALIZED_AUTOS = YES_AGGRESSIVE;
				GCC_WARN_UNUSED_FUNCTION = YES;
				GCC_WARN_UNUSED_VARIABLE = YES;
				IPHONEOS_DEPLOYMENT_TARGET = 13.2;
				MTL_ENABLE_DEBUG_INFO = NO;
				MTL_FAST_MATH = YES;
				SDKROOT = iphoneos;
				SWIFT_COMPILATION_MODE = wholemodule;
				SWIFT_OPTIMIZATION_LEVEL = "-O";
				VALIDATE_PRODUCT = YES;
			};
			name = Release;
		};
		E448BA2023ED53B200C97FFF /* Debug */ = {
			isa = XCBuildConfiguration;
			baseConfigurationReference = 56E2664EA40A9CE4857AC8B7 /* Pods-WegfinderChallenge.debug.xcconfig */;
			buildSettings = {
				ALWAYS_EMBED_SWIFT_STANDARD_LIBRARIES = "$(EMBEDDED_CONTENT_CONTAINS_SWIFT)";
				ASSETCATALOG_COMPILER_APPICON_NAME = AppIcon;
				CODE_SIGN_STYLE = Automatic;
				INFOPLIST_FILE = WegfinderChallenge/Info.plist;
				IPHONEOS_DEPLOYMENT_TARGET = 11.0;
				LD_RUNPATH_SEARCH_PATHS = (
					"$(inherited)",
					"@executable_path/Frameworks",
				);
				PRODUCT_BUNDLE_IDENTIFIER = com.bella.WegfinderChallenge;
				PRODUCT_NAME = "$(TARGET_NAME)";
				SWIFT_VERSION = 5.0;
				TARGETED_DEVICE_FAMILY = 1;
			};
			name = Debug;
		};
		E448BA2123ED53B200C97FFF /* Release */ = {
			isa = XCBuildConfiguration;
			baseConfigurationReference = 0A11EF87A371BC93DF8B6DB4 /* Pods-WegfinderChallenge.release.xcconfig */;
			buildSettings = {
				ALWAYS_EMBED_SWIFT_STANDARD_LIBRARIES = "$(EMBEDDED_CONTENT_CONTAINS_SWIFT)";
				ASSETCATALOG_COMPILER_APPICON_NAME = AppIcon;
				CODE_SIGN_STYLE = Automatic;
				INFOPLIST_FILE = WegfinderChallenge/Info.plist;
				IPHONEOS_DEPLOYMENT_TARGET = 11.0;
				LD_RUNPATH_SEARCH_PATHS = (
					"$(inherited)",
					"@executable_path/Frameworks",
				);
				PRODUCT_BUNDLE_IDENTIFIER = com.bella.WegfinderChallenge;
				PRODUCT_NAME = "$(TARGET_NAME)";
				SWIFT_VERSION = 5.0;
				TARGETED_DEVICE_FAMILY = 1;
			};
			name = Release;
		};
		E448BA2323ED53B200C97FFF /* Debug */ = {
			isa = XCBuildConfiguration;
			baseConfigurationReference = F18F25BD7E24E20346A1AB76 /* Pods-WegfinderChallengeTests.debug.xcconfig */;
			buildSettings = {
				ALWAYS_EMBED_SWIFT_STANDARD_LIBRARIES = YES;
				BUNDLE_LOADER = "$(TEST_HOST)";
				CODE_SIGN_STYLE = Automatic;
				INFOPLIST_FILE = WegfinderChallengeTests/Info.plist;
				IPHONEOS_DEPLOYMENT_TARGET = 13.2;
				LD_RUNPATH_SEARCH_PATHS = (
					"$(inherited)",
					"@executable_path/Frameworks",
					"@loader_path/Frameworks",
				);
				PRODUCT_BUNDLE_IDENTIFIER = com.bella.WegfinderChallengeTests;
				PRODUCT_NAME = "$(TARGET_NAME)";
				SWIFT_VERSION = 5.0;
				TARGETED_DEVICE_FAMILY = "1,2";
				TEST_HOST = "$(BUILT_PRODUCTS_DIR)/WegfinderChallenge.app/WegfinderChallenge";
			};
			name = Debug;
		};
		E448BA2423ED53B200C97FFF /* Release */ = {
			isa = XCBuildConfiguration;
			baseConfigurationReference = 42662228301ABD9F1F929F8C /* Pods-WegfinderChallengeTests.release.xcconfig */;
			buildSettings = {
				ALWAYS_EMBED_SWIFT_STANDARD_LIBRARIES = YES;
				BUNDLE_LOADER = "$(TEST_HOST)";
				CODE_SIGN_STYLE = Automatic;
				INFOPLIST_FILE = WegfinderChallengeTests/Info.plist;
				IPHONEOS_DEPLOYMENT_TARGET = 13.2;
				LD_RUNPATH_SEARCH_PATHS = (
					"$(inherited)",
					"@executable_path/Frameworks",
					"@loader_path/Frameworks",
				);
				PRODUCT_BUNDLE_IDENTIFIER = com.bella.WegfinderChallengeTests;
				PRODUCT_NAME = "$(TARGET_NAME)";
				SWIFT_VERSION = 5.0;
				TARGETED_DEVICE_FAMILY = "1,2";
				TEST_HOST = "$(BUILT_PRODUCTS_DIR)/WegfinderChallenge.app/WegfinderChallenge";
			};
			name = Release;
		};
/* End XCBuildConfiguration section */

/* Begin XCConfigurationList section */
		E448B9FB23ED53AD00C97FFF /* Build configuration list for PBXProject "WegfinderChallenge" */ = {
			isa = XCConfigurationList;
			buildConfigurations = (
				E448BA1D23ED53B200C97FFF /* Debug */,
				E448BA1E23ED53B200C97FFF /* Release */,
			);
			defaultConfigurationIsVisible = 0;
			defaultConfigurationName = Release;
		};
		E448BA1F23ED53B200C97FFF /* Build configuration list for PBXNativeTarget "WegfinderChallenge" */ = {
			isa = XCConfigurationList;
			buildConfigurations = (
				E448BA2023ED53B200C97FFF /* Debug */,
				E448BA2123ED53B200C97FFF /* Release */,
			);
			defaultConfigurationIsVisible = 0;
			defaultConfigurationName = Release;
		};
		E448BA2223ED53B200C97FFF /* Build configuration list for PBXNativeTarget "WegfinderChallengeTests" */ = {
			isa = XCConfigurationList;
			buildConfigurations = (
				E448BA2323ED53B200C97FFF /* Debug */,
				E448BA2423ED53B200C97FFF /* Release */,
			);
			defaultConfigurationIsVisible = 0;
			defaultConfigurationName = Release;
		};
/* End XCConfigurationList section */
	};
	rootObject = E448B9F823ED53AD00C97FFF /* Project object */;
}
